// !$*UTF8*$!
{
	archiveVersion = 1;
	classes = {
	};
	objectVersion = 48;
	objects = {

/* Begin PBXBuildFile section */
		980E9FE22C3447272D4F57F5 /* libPods-MyMovie.a in Frameworks */ = {isa = PBXBuildFile; fileRef = 7881627BF15CFD5765BC68B7 /* libPods-MyMovie.a */; };
		B3255A0C1F988A9B00DA3884 /* MMMediaModifyItemCollectionViewCell.m in Sources */ = {isa = PBXBuildFile; fileRef = B3255A0A1F988A9B00DA3884 /* MMMediaModifyItemCollectionViewCell.m */; };
		B3255A0D1F988A9B00DA3884 /* MMMediaModifyItemCollectionViewCell.xib in Resources */ = {isa = PBXBuildFile; fileRef = B3255A0B1F988A9B00DA3884 /* MMMediaModifyItemCollectionViewCell.xib */; };
		B3255A101F989CDE00DA3884 /* MMMediaItemModel.m in Sources */ = {isa = PBXBuildFile; fileRef = B3255A0F1F989CDE00DA3884 /* MMMediaItemModel.m */; };
		B3255A131F98AF4C00DA3884 /* MMAudioAssetsTableViewController.m in Sources */ = {isa = PBXBuildFile; fileRef = B3255A121F98AF4C00DA3884 /* MMAudioAssetsTableViewController.m */; };
		B344E3671FA17AFE006EF1DF /* UIView+MMRender.m in Sources */ = {isa = PBXBuildFile; fileRef = B344E3661FA17AFE006EF1DF /* UIView+MMRender.m */; };
		B344E36E1FA18074006EF1DF /* UIViewController+MMRender.m in Sources */ = {isa = PBXBuildFile; fileRef = B344E36D1FA18074006EF1DF /* UIViewController+MMRender.m */; };
		B344E3721FA1BDC9006EF1DF /* MMAssetPlayerControl.m in Sources */ = {isa = PBXBuildFile; fileRef = B344E3711FA1BDC9006EF1DF /* MMAssetPlayerControl.m */; };
		B344E3741FA1BDD2006EF1DF /* MMAssetPlayerControl.xib in Resources */ = {isa = PBXBuildFile; fileRef = B344E3731FA1BDD2006EF1DF /* MMAssetPlayerControl.xib */; };
		B344E3771FA1C94D006EF1DF /* UIImage+MMImage.m in Sources */ = {isa = PBXBuildFile; fileRef = B344E3761FA1C94D006EF1DF /* UIImage+MMImage.m */; };
		B344E37A1FA1CED7006EF1DF /* MMMediaTimeUtils.m in Sources */ = {isa = PBXBuildFile; fileRef = B344E3791FA1CED7006EF1DF /* MMMediaTimeUtils.m */; };
		B344E37D1FA1E09C006EF1DF /* MMTimerManager.m in Sources */ = {isa = PBXBuildFile; fileRef = B344E37C1FA1E09C006EF1DF /* MMTimerManager.m */; };
		B35F01261FA42E8100BB8C94 /* NSString+MD5.m in Sources */ = {isa = PBXBuildFile; fileRef = B35F01251FA42E8100BB8C94 /* NSString+MD5.m */; };
		B35F01291FA446B100BB8C94 /* MMAssetPlayerProgressView.m in Sources */ = {isa = PBXBuildFile; fileRef = B35F01281FA446B100BB8C94 /* MMAssetPlayerProgressView.m */; };
		B36D01871FA81E41007379F5 /* MMAudioTrackMixModifyTableViewController.m in Sources */ = {isa = PBXBuildFile; fileRef = B36D01861FA81E41007379F5 /* MMAudioTrackMixModifyTableViewController.m */; };
		B36D018B1FA82756007379F5 /* MMAudioMixModifyTableViewCell.m in Sources */ = {isa = PBXBuildFile; fileRef = B36D01891FA82756007379F5 /* MMAudioMixModifyTableViewCell.m */; };
		B36D01901FA827F0007379F5 /* MMStepView.m in Sources */ = {isa = PBXBuildFile; fileRef = B36D018D1FA827EF007379F5 /* MMStepView.m */; };
		B36D01911FA827F0007379F5 /* MMStepView.xib in Resources */ = {isa = PBXBuildFile; fileRef = B36D018F1FA827F0007379F5 /* MMStepView.xib */; };
		B36D01941FA8287A007379F5 /* NSString+MMDataFormatter.m in Sources */ = {isa = PBXBuildFile; fileRef = B36D01921FA8287A007379F5 /* NSString+MMDataFormatter.m */; };
		B36D01971FA84B91007379F5 /* MMAudioMixModel.m in Sources */ = {isa = PBXBuildFile; fileRef = B36D01961FA84B91007379F5 /* MMAudioMixModel.m */; };
		B3AE18A91F95E370009554D7 /* MMPhotoManager.m in Sources */ = {isa = PBXBuildFile; fileRef = B3FD2F561F95AB95009A0571 /* MMPhotoManager.m */; };
		B3AE18B01F95E705009554D7 /* MMImagePickerTableViewCell.m in Sources */ = {isa = PBXBuildFile; fileRef = B3AE18AD1F95E705009554D7 /* MMImagePickerTableViewCell.m */; };
		B3AE18B11F95E705009554D7 /* MMImagePickerTableViewCell.xib in Resources */ = {isa = PBXBuildFile; fileRef = B3AE18AF1F95E705009554D7 /* MMImagePickerTableViewCell.xib */; };
		B3AE18B51F95E83D009554D7 /* MMPhotosCollectionViewController.m in Sources */ = {isa = PBXBuildFile; fileRef = B3AE18B31F95E83D009554D7 /* MMPhotosCollectionViewController.m */; };
		B3AE18BA1F95E8C3009554D7 /* MMPhotosItemCollectionViewCell.m in Sources */ = {isa = PBXBuildFile; fileRef = B3AE18B81F95E8C3009554D7 /* MMPhotosItemCollectionViewCell.m */; };
		B3AE18BB1F95E8C3009554D7 /* MMPhotosItemCollectionViewCell.xib in Resources */ = {isa = PBXBuildFile; fileRef = B3AE18B91F95E8C3009554D7 /* MMPhotosItemCollectionViewCell.xib */; };
		B3BBFA951F973EAF00763E1E /* MMMediaAssetsCollectionViewFlowLayout.m in Sources */ = {isa = PBXBuildFile; fileRef = B3BBFA941F973EAF00763E1E /* MMMediaAssetsCollectionViewFlowLayout.m */; };
		B3C4AC4D1F9BA06C00A0F86C /* MMTransitionModifyView.m in Sources */ = {isa = PBXBuildFile; fileRef = B3C4AC4C1F9BA06C00A0F86C /* MMTransitionModifyView.m */; };
		B3C4AC4F1F9BA99F00A0F86C /* MMTransitionModifyView.xib in Resources */ = {isa = PBXBuildFile; fileRef = B3C4AC4E1F9BA99F00A0F86C /* MMTransitionModifyView.xib */; };
		B3C503251FA710A6002269B7 /* MMPopMenu.m in Sources */ = {isa = PBXBuildFile; fileRef = B3C503241FA710A6002269B7 /* MMPopMenu.m */; };
		B3C503291FA71AD7002269B7 /* MMAudioMediaItemCollectionViewCell.m in Sources */ = {isa = PBXBuildFile; fileRef = B3C503271FA71AD7002269B7 /* MMAudioMediaItemCollectionViewCell.m */; };
		B3C5032A1FA71AD7002269B7 /* MMAudioMediaItemCollectionViewCell.xib in Resources */ = {isa = PBXBuildFile; fileRef = B3C503281FA71AD7002269B7 /* MMAudioMediaItemCollectionViewCell.xib */; };
		B3E483D51FA6044D003F7E8E /* MMMediaModifyCollectionViewController+MMMedia.m in Sources */ = {isa = PBXBuildFile; fileRef = B3E483D41FA6044D003F7E8E /* MMMediaModifyCollectionViewController+MMMedia.m */; };
		B3ECC89C1F95DB52007CE1CA /* MMHUDUtils.m in Sources */ = {isa = PBXBuildFile; fileRef = B3ECC89B1F95DB52007CE1CA /* MMHUDUtils.m */; };
		B3F8A3491F99FC58000656A7 /* MMMediaItemTransitionCollectionViewCell.m in Sources */ = {isa = PBXBuildFile; fileRef = B3F8A3471F99FC58000656A7 /* MMMediaItemTransitionCollectionViewCell.m */; };
		B3F8A34A1F99FC58000656A7 /* MMMediaItemTransitionCollectionViewCell.xib in Resources */ = {isa = PBXBuildFile; fileRef = B3F8A3481F99FC58000656A7 /* MMMediaItemTransitionCollectionViewCell.xib */; };
		B3F8A34D1F9A8EAE000656A7 /* MMVideoAssetsTableViewController.m in Sources */ = {isa = PBXBuildFile; fileRef = B3F8A34C1F9A8EAE000656A7 /* MMVideoAssetsTableViewController.m */; };
		B3FAA9221F94FD710023792C /* AppDelegate.m in Sources */ = {isa = PBXBuildFile; fileRef = B3FAA9211F94FD710023792C /* AppDelegate.m */; };
		B3FAA9281F94FD710023792C /* Main.storyboard in Resources */ = {isa = PBXBuildFile; fileRef = B3FAA9261F94FD710023792C /* Main.storyboard */; };
		B3FAA92A1F94FD710023792C /* Assets.xcassets in Resources */ = {isa = PBXBuildFile; fileRef = B3FAA9291F94FD710023792C /* Assets.xcassets */; };
		B3FAA92D1F94FD710023792C /* LaunchScreen.storyboard in Resources */ = {isa = PBXBuildFile; fileRef = B3FAA92B1F94FD710023792C /* LaunchScreen.storyboard */; };
		B3FAA9301F94FD710023792C /* main.m in Sources */ = {isa = PBXBuildFile; fileRef = B3FAA92F1F94FD710023792C /* main.m */; };
		B3FAA94A1F94FFC00023792C /* MMBasicView.m in Sources */ = {isa = PBXBuildFile; fileRef = B3FAA9491F94FFC00023792C /* MMBasicView.m */; };
		B3FAA94D1F94FFDB0023792C /* MMBasicViewController.m in Sources */ = {isa = PBXBuildFile; fileRef = B3FAA94C1F94FFDB0023792C /* MMBasicViewController.m */; };
		B3FAA9501F94FFF20023792C /* MMBasicNavigationController.m in Sources */ = {isa = PBXBuildFile; fileRef = B3FAA94F1F94FFF20023792C /* MMBasicNavigationController.m */; };
		B3FAA9531F9500080023792C /* MMBasicTableViewController.m in Sources */ = {isa = PBXBuildFile; fileRef = B3FAA9521F9500080023792C /* MMBasicTableViewController.m */; };
		B3FAA9561F95002E0023792C /* MMBasicCollectionViewController.m in Sources */ = {isa = PBXBuildFile; fileRef = B3FAA9551F95002E0023792C /* MMBasicCollectionViewController.m */; };
		B3FAA9591F95017A0023792C /* MMProjectListCollectionViewController.m in Sources */ = {isa = PBXBuildFile; fileRef = B3FAA9581F95017A0023792C /* MMProjectListCollectionViewController.m */; };
		B3FAA9601F9502A60023792C /* MMProjectListCollectionViewCell.m in Sources */ = {isa = PBXBuildFile; fileRef = B3FAA95E1F9502A60023792C /* MMProjectListCollectionViewCell.m */; };
		B3FAA9611F9502A60023792C /* MMProjectListCollectionViewCell.xib in Resources */ = {isa = PBXBuildFile; fileRef = B3FAA95F1F9502A60023792C /* MMProjectListCollectionViewCell.xib */; };
		B3FAA9681F9507F70023792C /* MMProjectEdittingViewController.m in Sources */ = {isa = PBXBuildFile; fileRef = B3FAA9671F9507F70023792C /* MMProjectEdittingViewController.m */; };
		B3FAA9711F9509EE0023792C /* MMMediaPreviewViewController.m in Sources */ = {isa = PBXBuildFile; fileRef = B3FAA9701F9509EE0023792C /* MMMediaPreviewViewController.m */; };
		B3FAA9741F950A050023792C /* MMMediaModifyCollectionViewController.m in Sources */ = {isa = PBXBuildFile; fileRef = B3FAA9731F950A050023792C /* MMMediaModifyCollectionViewController.m */; };
		B3FAA9771F950A1C0023792C /* MMMediaAssetsTableViewController.m in Sources */ = {isa = PBXBuildFile; fileRef = B3FAA9761F950A1C0023792C /* MMMediaAssetsTableViewController.m */; };
/* End PBXBuildFile section */

/* Begin PBXFileReference section */
		7881627BF15CFD5765BC68B7 /* libPods-MyMovie.a */ = {isa = PBXFileReference; explicitFileType = archive.ar; includeInIndex = 0; path = "libPods-MyMovie.a"; sourceTree = BUILT_PRODUCTS_DIR; };
		B3255A091F988A9B00DA3884 /* MMMediaModifyItemCollectionViewCell.h */ = {isa = PBXFileReference; lastKnownFileType = sourcecode.c.h; path = MMMediaModifyItemCollectionViewCell.h; sourceTree = "<group>"; };
		B3255A0A1F988A9B00DA3884 /* MMMediaModifyItemCollectionViewCell.m */ = {isa = PBXFileReference; lastKnownFileType = sourcecode.c.objc; path = MMMediaModifyItemCollectionViewCell.m; sourceTree = "<group>"; };
		B3255A0B1F988A9B00DA3884 /* MMMediaModifyItemCollectionViewCell.xib */ = {isa = PBXFileReference; lastKnownFileType = file.xib; path = MMMediaModifyItemCollectionViewCell.xib; sourceTree = "<group>"; };
		B3255A0E1F989CDE00DA3884 /* MMMediaItemModel.h */ = {isa = PBXFileReference; lastKnownFileType = sourcecode.c.h; path = MMMediaItemModel.h; sourceTree = "<group>"; };
		B3255A0F1F989CDE00DA3884 /* MMMediaItemModel.m */ = {isa = PBXFileReference; lastKnownFileType = sourcecode.c.objc; path = MMMediaItemModel.m; sourceTree = "<group>"; };
		B3255A111F98AF4C00DA3884 /* MMAudioAssetsTableViewController.h */ = {isa = PBXFileReference; lastKnownFileType = sourcecode.c.h; path = MMAudioAssetsTableViewController.h; sourceTree = "<group>"; };
		B3255A121F98AF4C00DA3884 /* MMAudioAssetsTableViewController.m */ = {isa = PBXFileReference; lastKnownFileType = sourcecode.c.objc; path = MMAudioAssetsTableViewController.m; sourceTree = "<group>"; };
		B32F835146AF919B0DF1A218 /* Pods-MyMovie.release.xcconfig */ = {isa = PBXFileReference; includeInIndex = 1; lastKnownFileType = text.xcconfig; name = "Pods-MyMovie.release.xcconfig"; path = "Pods/Target Support Files/Pods-MyMovie/Pods-MyMovie.release.xcconfig"; sourceTree = "<group>"; };
		B344E3651FA17AFE006EF1DF /* UIView+MMRender.h */ = {isa = PBXFileReference; lastKnownFileType = sourcecode.c.h; path = "UIView+MMRender.h"; sourceTree = "<group>"; };
		B344E3661FA17AFE006EF1DF /* UIView+MMRender.m */ = {isa = PBXFileReference; lastKnownFileType = sourcecode.c.objc; path = "UIView+MMRender.m"; sourceTree = "<group>"; };
		B344E36C1FA18074006EF1DF /* UIViewController+MMRender.h */ = {isa = PBXFileReference; lastKnownFileType = sourcecode.c.h; path = "UIViewController+MMRender.h"; sourceTree = "<group>"; };
		B344E36D1FA18074006EF1DF /* UIViewController+MMRender.m */ = {isa = PBXFileReference; lastKnownFileType = sourcecode.c.objc; path = "UIViewController+MMRender.m"; sourceTree = "<group>"; };
		B344E3701FA1BDC9006EF1DF /* MMAssetPlayerControl.h */ = {isa = PBXFileReference; lastKnownFileType = sourcecode.c.h; path = MMAssetPlayerControl.h; sourceTree = "<group>"; };
		B344E3711FA1BDC9006EF1DF /* MMAssetPlayerControl.m */ = {isa = PBXFileReference; lastKnownFileType = sourcecode.c.objc; path = MMAssetPlayerControl.m; sourceTree = "<group>"; };
		B344E3731FA1BDD2006EF1DF /* MMAssetPlayerControl.xib */ = {isa = PBXFileReference; lastKnownFileType = file.xib; path = MMAssetPlayerControl.xib; sourceTree = "<group>"; };
		B344E3751FA1C94D006EF1DF /* UIImage+MMImage.h */ = {isa = PBXFileReference; lastKnownFileType = sourcecode.c.h; path = "UIImage+MMImage.h"; sourceTree = "<group>"; };
		B344E3761FA1C94D006EF1DF /* UIImage+MMImage.m */ = {isa = PBXFileReference; lastKnownFileType = sourcecode.c.objc; path = "UIImage+MMImage.m"; sourceTree = "<group>"; };
		B344E3781FA1CED7006EF1DF /* MMMediaTimeUtils.h */ = {isa = PBXFileReference; lastKnownFileType = sourcecode.c.h; path = MMMediaTimeUtils.h; sourceTree = "<group>"; };
		B344E3791FA1CED7006EF1DF /* MMMediaTimeUtils.m */ = {isa = PBXFileReference; lastKnownFileType = sourcecode.c.objc; path = MMMediaTimeUtils.m; sourceTree = "<group>"; };
		B344E37B1FA1E09C006EF1DF /* MMTimerManager.h */ = {isa = PBXFileReference; lastKnownFileType = sourcecode.c.h; path = MMTimerManager.h; sourceTree = "<group>"; };
		B344E37C1FA1E09C006EF1DF /* MMTimerManager.m */ = {isa = PBXFileReference; lastKnownFileType = sourcecode.c.objc; path = MMTimerManager.m; sourceTree = "<group>"; };
		B35F01241FA42E8100BB8C94 /* NSString+MD5.h */ = {isa = PBXFileReference; lastKnownFileType = sourcecode.c.h; path = "NSString+MD5.h"; sourceTree = "<group>"; };
		B35F01251FA42E8100BB8C94 /* NSString+MD5.m */ = {isa = PBXFileReference; lastKnownFileType = sourcecode.c.objc; path = "NSString+MD5.m"; sourceTree = "<group>"; };
		B35F01271FA446B100BB8C94 /* MMAssetPlayerProgressView.h */ = {isa = PBXFileReference; lastKnownFileType = sourcecode.c.h; path = MMAssetPlayerProgressView.h; sourceTree = "<group>"; };
		B35F01281FA446B100BB8C94 /* MMAssetPlayerProgressView.m */ = {isa = PBXFileReference; lastKnownFileType = sourcecode.c.objc; path = MMAssetPlayerProgressView.m; sourceTree = "<group>"; };
		B36D01851FA81E41007379F5 /* MMAudioTrackMixModifyTableViewController.h */ = {isa = PBXFileReference; lastKnownFileType = sourcecode.c.h; path = MMAudioTrackMixModifyTableViewController.h; sourceTree = "<group>"; };
		B36D01861FA81E41007379F5 /* MMAudioTrackMixModifyTableViewController.m */ = {isa = PBXFileReference; lastKnownFileType = sourcecode.c.objc; path = MMAudioTrackMixModifyTableViewController.m; sourceTree = "<group>"; };
		B36D01881FA82756007379F5 /* MMAudioMixModifyTableViewCell.h */ = {isa = PBXFileReference; lastKnownFileType = sourcecode.c.h; path = MMAudioMixModifyTableViewCell.h; sourceTree = "<group>"; };
		B36D01891FA82756007379F5 /* MMAudioMixModifyTableViewCell.m */ = {isa = PBXFileReference; lastKnownFileType = sourcecode.c.objc; path = MMAudioMixModifyTableViewCell.m; sourceTree = "<group>"; };
		B36D018D1FA827EF007379F5 /* MMStepView.m */ = {isa = PBXFileReference; fileEncoding = 4; lastKnownFileType = sourcecode.c.objc; path = MMStepView.m; sourceTree = "<group>"; };
		B36D018E1FA827EF007379F5 /* MMStepView.h */ = {isa = PBXFileReference; fileEncoding = 4; lastKnownFileType = sourcecode.c.h; path = MMStepView.h; sourceTree = "<group>"; };
		B36D018F1FA827F0007379F5 /* MMStepView.xib */ = {isa = PBXFileReference; fileEncoding = 4; lastKnownFileType = file.xib; path = MMStepView.xib; sourceTree = "<group>"; };
		B36D01921FA8287A007379F5 /* NSString+MMDataFormatter.m */ = {isa = PBXFileReference; fileEncoding = 4; lastKnownFileType = sourcecode.c.objc; path = "NSString+MMDataFormatter.m"; sourceTree = "<group>"; };
		B36D01931FA8287A007379F5 /* NSString+MMDataFormatter.h */ = {isa = PBXFileReference; fileEncoding = 4; lastKnownFileType = sourcecode.c.h; path = "NSString+MMDataFormatter.h"; sourceTree = "<group>"; };
		B36D01951FA84B91007379F5 /* MMAudioMixModel.h */ = {isa = PBXFileReference; lastKnownFileType = sourcecode.c.h; path = MMAudioMixModel.h; sourceTree = "<group>"; };
		B36D01961FA84B91007379F5 /* MMAudioMixModel.m */ = {isa = PBXFileReference; lastKnownFileType = sourcecode.c.objc; path = MMAudioMixModel.m; sourceTree = "<group>"; };
		B3AE18AD1F95E705009554D7 /* MMImagePickerTableViewCell.m */ = {isa = PBXFileReference; fileEncoding = 4; lastKnownFileType = sourcecode.c.objc; path = MMImagePickerTableViewCell.m; sourceTree = "<group>"; };
		B3AE18AE1F95E705009554D7 /* MMImagePickerTableViewCell.h */ = {isa = PBXFileReference; fileEncoding = 4; lastKnownFileType = sourcecode.c.h; path = MMImagePickerTableViewCell.h; sourceTree = "<group>"; };
		B3AE18AF1F95E705009554D7 /* MMImagePickerTableViewCell.xib */ = {isa = PBXFileReference; fileEncoding = 4; lastKnownFileType = file.xib; path = MMImagePickerTableViewCell.xib; sourceTree = "<group>"; };
		B3AE18B21F95E83C009554D7 /* MMPhotosCollectionViewController.h */ = {isa = PBXFileReference; fileEncoding = 4; lastKnownFileType = sourcecode.c.h; path = MMPhotosCollectionViewController.h; sourceTree = "<group>"; };
		B3AE18B31F95E83D009554D7 /* MMPhotosCollectionViewController.m */ = {isa = PBXFileReference; fileEncoding = 4; lastKnownFileType = sourcecode.c.objc; path = MMPhotosCollectionViewController.m; sourceTree = "<group>"; };
		B3AE18B71F95E8C3009554D7 /* MMPhotosItemCollectionViewCell.h */ = {isa = PBXFileReference; fileEncoding = 4; lastKnownFileType = sourcecode.c.h; path = MMPhotosItemCollectionViewCell.h; sourceTree = "<group>"; };
		B3AE18B81F95E8C3009554D7 /* MMPhotosItemCollectionViewCell.m */ = {isa = PBXFileReference; fileEncoding = 4; lastKnownFileType = sourcecode.c.objc; path = MMPhotosItemCollectionViewCell.m; sourceTree = "<group>"; };
		B3AE18B91F95E8C3009554D7 /* MMPhotosItemCollectionViewCell.xib */ = {isa = PBXFileReference; fileEncoding = 4; lastKnownFileType = file.xib; path = MMPhotosItemCollectionViewCell.xib; sourceTree = "<group>"; };
		B3BBFA931F973EAF00763E1E /* MMMediaAssetsCollectionViewFlowLayout.h */ = {isa = PBXFileReference; lastKnownFileType = sourcecode.c.h; path = MMMediaAssetsCollectionViewFlowLayout.h; sourceTree = "<group>"; };
		B3BBFA941F973EAF00763E1E /* MMMediaAssetsCollectionViewFlowLayout.m */ = {isa = PBXFileReference; lastKnownFileType = sourcecode.c.objc; path = MMMediaAssetsCollectionViewFlowLayout.m; sourceTree = "<group>"; };
		B3C4AC4B1F9BA06C00A0F86C /* MMTransitionModifyView.h */ = {isa = PBXFileReference; lastKnownFileType = sourcecode.c.h; path = MMTransitionModifyView.h; sourceTree = "<group>"; };
		B3C4AC4C1F9BA06C00A0F86C /* MMTransitionModifyView.m */ = {isa = PBXFileReference; lastKnownFileType = sourcecode.c.objc; path = MMTransitionModifyView.m; sourceTree = "<group>"; };
		B3C4AC4E1F9BA99F00A0F86C /* MMTransitionModifyView.xib */ = {isa = PBXFileReference; lastKnownFileType = file.xib; path = MMTransitionModifyView.xib; sourceTree = "<group>"; };
		B3C503231FA710A6002269B7 /* MMPopMenu.h */ = {isa = PBXFileReference; lastKnownFileType = sourcecode.c.h; path = MMPopMenu.h; sourceTree = "<group>"; };
		B3C503241FA710A6002269B7 /* MMPopMenu.m */ = {isa = PBXFileReference; lastKnownFileType = sourcecode.c.objc; path = MMPopMenu.m; sourceTree = "<group>"; };
		B3C503261FA71AD7002269B7 /* MMAudioMediaItemCollectionViewCell.h */ = {isa = PBXFileReference; lastKnownFileType = sourcecode.c.h; path = MMAudioMediaItemCollectionViewCell.h; sourceTree = "<group>"; };
		B3C503271FA71AD7002269B7 /* MMAudioMediaItemCollectionViewCell.m */ = {isa = PBXFileReference; lastKnownFileType = sourcecode.c.objc; path = MMAudioMediaItemCollectionViewCell.m; sourceTree = "<group>"; };
		B3C503281FA71AD7002269B7 /* MMAudioMediaItemCollectionViewCell.xib */ = {isa = PBXFileReference; lastKnownFileType = file.xib; path = MMAudioMediaItemCollectionViewCell.xib; sourceTree = "<group>"; };
		B3E483D31FA6044D003F7E8E /* MMMediaModifyCollectionViewController+MMMedia.h */ = {isa = PBXFileReference; lastKnownFileType = sourcecode.c.h; path = "MMMediaModifyCollectionViewController+MMMedia.h"; sourceTree = "<group>"; };
		B3E483D41FA6044D003F7E8E /* MMMediaModifyCollectionViewController+MMMedia.m */ = {isa = PBXFileReference; lastKnownFileType = sourcecode.c.objc; path = "MMMediaModifyCollectionViewController+MMMedia.m"; sourceTree = "<group>"; };
		B3ECC89A1F95DB52007CE1CA /* MMHUDUtils.h */ = {isa = PBXFileReference; lastKnownFileType = sourcecode.c.h; path = MMHUDUtils.h; sourceTree = "<group>"; };
		B3ECC89B1F95DB52007CE1CA /* MMHUDUtils.m */ = {isa = PBXFileReference; lastKnownFileType = sourcecode.c.objc; path = MMHUDUtils.m; sourceTree = "<group>"; };
		B3F8A3461F99FC58000656A7 /* MMMediaItemTransitionCollectionViewCell.h */ = {isa = PBXFileReference; lastKnownFileType = sourcecode.c.h; path = MMMediaItemTransitionCollectionViewCell.h; sourceTree = "<group>"; };
		B3F8A3471F99FC58000656A7 /* MMMediaItemTransitionCollectionViewCell.m */ = {isa = PBXFileReference; lastKnownFileType = sourcecode.c.objc; path = MMMediaItemTransitionCollectionViewCell.m; sourceTree = "<group>"; };
		B3F8A3481F99FC58000656A7 /* MMMediaItemTransitionCollectionViewCell.xib */ = {isa = PBXFileReference; lastKnownFileType = file.xib; path = MMMediaItemTransitionCollectionViewCell.xib; sourceTree = "<group>"; };
		B3F8A34B1F9A8EAE000656A7 /* MMVideoAssetsTableViewController.h */ = {isa = PBXFileReference; lastKnownFileType = sourcecode.c.h; path = MMVideoAssetsTableViewController.h; sourceTree = "<group>"; };
		B3F8A34C1F9A8EAE000656A7 /* MMVideoAssetsTableViewController.m */ = {isa = PBXFileReference; lastKnownFileType = sourcecode.c.objc; path = MMVideoAssetsTableViewController.m; sourceTree = "<group>"; };
		B3FAA91D1F94FD710023792C /* MyMovie.app */ = {isa = PBXFileReference; explicitFileType = wrapper.application; includeInIndex = 0; path = MyMovie.app; sourceTree = BUILT_PRODUCTS_DIR; };
		B3FAA9201F94FD710023792C /* AppDelegate.h */ = {isa = PBXFileReference; lastKnownFileType = sourcecode.c.h; path = AppDelegate.h; sourceTree = "<group>"; };
		B3FAA9211F94FD710023792C /* AppDelegate.m */ = {isa = PBXFileReference; lastKnownFileType = sourcecode.c.objc; path = AppDelegate.m; sourceTree = "<group>"; };
		B3FAA9271F94FD710023792C /* Base */ = {isa = PBXFileReference; lastKnownFileType = file.storyboard; name = Base; path = Base.lproj/Main.storyboard; sourceTree = "<group>"; };
		B3FAA9291F94FD710023792C /* Assets.xcassets */ = {isa = PBXFileReference; lastKnownFileType = folder.assetcatalog; path = Assets.xcassets; sourceTree = "<group>"; };
		B3FAA92C1F94FD710023792C /* Base */ = {isa = PBXFileReference; lastKnownFileType = file.storyboard; name = Base; path = Base.lproj/LaunchScreen.storyboard; sourceTree = "<group>"; };
		B3FAA92E1F94FD710023792C /* Info.plist */ = {isa = PBXFileReference; lastKnownFileType = text.plist.xml; path = Info.plist; sourceTree = "<group>"; };
		B3FAA92F1F94FD710023792C /* main.m */ = {isa = PBXFileReference; lastKnownFileType = sourcecode.c.objc; path = main.m; sourceTree = "<group>"; };
		B3FAA9481F94FFC00023792C /* MMBasicView.h */ = {isa = PBXFileReference; lastKnownFileType = sourcecode.c.h; path = MMBasicView.h; sourceTree = "<group>"; };
		B3FAA9491F94FFC00023792C /* MMBasicView.m */ = {isa = PBXFileReference; lastKnownFileType = sourcecode.c.objc; path = MMBasicView.m; sourceTree = "<group>"; };
		B3FAA94B1F94FFDB0023792C /* MMBasicViewController.h */ = {isa = PBXFileReference; lastKnownFileType = sourcecode.c.h; path = MMBasicViewController.h; sourceTree = "<group>"; };
		B3FAA94C1F94FFDB0023792C /* MMBasicViewController.m */ = {isa = PBXFileReference; lastKnownFileType = sourcecode.c.objc; path = MMBasicViewController.m; sourceTree = "<group>"; };
		B3FAA94E1F94FFF20023792C /* MMBasicNavigationController.h */ = {isa = PBXFileReference; lastKnownFileType = sourcecode.c.h; path = MMBasicNavigationController.h; sourceTree = "<group>"; };
		B3FAA94F1F94FFF20023792C /* MMBasicNavigationController.m */ = {isa = PBXFileReference; lastKnownFileType = sourcecode.c.objc; path = MMBasicNavigationController.m; sourceTree = "<group>"; };
		B3FAA9511F9500080023792C /* MMBasicTableViewController.h */ = {isa = PBXFileReference; lastKnownFileType = sourcecode.c.h; path = MMBasicTableViewController.h; sourceTree = "<group>"; };
		B3FAA9521F9500080023792C /* MMBasicTableViewController.m */ = {isa = PBXFileReference; lastKnownFileType = sourcecode.c.objc; path = MMBasicTableViewController.m; sourceTree = "<group>"; };
		B3FAA9541F95002E0023792C /* MMBasicCollectionViewController.h */ = {isa = PBXFileReference; lastKnownFileType = sourcecode.c.h; path = MMBasicCollectionViewController.h; sourceTree = "<group>"; };
		B3FAA9551F95002E0023792C /* MMBasicCollectionViewController.m */ = {isa = PBXFileReference; lastKnownFileType = sourcecode.c.objc; path = MMBasicCollectionViewController.m; sourceTree = "<group>"; };
		B3FAA9571F95017A0023792C /* MMProjectListCollectionViewController.h */ = {isa = PBXFileReference; lastKnownFileType = sourcecode.c.h; path = MMProjectListCollectionViewController.h; sourceTree = "<group>"; };
		B3FAA9581F95017A0023792C /* MMProjectListCollectionViewController.m */ = {isa = PBXFileReference; lastKnownFileType = sourcecode.c.objc; path = MMProjectListCollectionViewController.m; sourceTree = "<group>"; };
		B3FAA95D1F9502A60023792C /* MMProjectListCollectionViewCell.h */ = {isa = PBXFileReference; lastKnownFileType = sourcecode.c.h; path = MMProjectListCollectionViewCell.h; sourceTree = "<group>"; };
		B3FAA95E1F9502A60023792C /* MMProjectListCollectionViewCell.m */ = {isa = PBXFileReference; lastKnownFileType = sourcecode.c.objc; path = MMProjectListCollectionViewCell.m; sourceTree = "<group>"; };
		B3FAA95F1F9502A60023792C /* MMProjectListCollectionViewCell.xib */ = {isa = PBXFileReference; lastKnownFileType = file.xib; path = MMProjectListCollectionViewCell.xib; sourceTree = "<group>"; };
		B3FAA9621F95039F0023792C /* MMGenericMarcos.h */ = {isa = PBXFileReference; lastKnownFileType = sourcecode.c.h; path = MMGenericMarcos.h; sourceTree = "<group>"; };
		B3FAA9631F9503C30023792C /* MyMovie_Prefix.pch */ = {isa = PBXFileReference; lastKnownFileType = sourcecode.c.h; path = MyMovie_Prefix.pch; sourceTree = "<group>"; };
		B3FAA9661F9507F70023792C /* MMProjectEdittingViewController.h */ = {isa = PBXFileReference; lastKnownFileType = sourcecode.c.h; path = MMProjectEdittingViewController.h; sourceTree = "<group>"; };
		B3FAA9671F9507F70023792C /* MMProjectEdittingViewController.m */ = {isa = PBXFileReference; lastKnownFileType = sourcecode.c.objc; path = MMProjectEdittingViewController.m; sourceTree = "<group>"; };
		B3FAA96F1F9509EE0023792C /* MMMediaPreviewViewController.h */ = {isa = PBXFileReference; lastKnownFileType = sourcecode.c.h; path = MMMediaPreviewViewController.h; sourceTree = "<group>"; };
		B3FAA9701F9509EE0023792C /* MMMediaPreviewViewController.m */ = {isa = PBXFileReference; lastKnownFileType = sourcecode.c.objc; path = MMMediaPreviewViewController.m; sourceTree = "<group>"; };
		B3FAA9721F950A050023792C /* MMMediaModifyCollectionViewController.h */ = {isa = PBXFileReference; lastKnownFileType = sourcecode.c.h; path = MMMediaModifyCollectionViewController.h; sourceTree = "<group>"; };
		B3FAA9731F950A050023792C /* MMMediaModifyCollectionViewController.m */ = {isa = PBXFileReference; lastKnownFileType = sourcecode.c.objc; path = MMMediaModifyCollectionViewController.m; sourceTree = "<group>"; };
		B3FAA9751F950A1C0023792C /* MMMediaAssetsTableViewController.h */ = {isa = PBXFileReference; lastKnownFileType = sourcecode.c.h; path = MMMediaAssetsTableViewController.h; sourceTree = "<group>"; };
		B3FAA9761F950A1C0023792C /* MMMediaAssetsTableViewController.m */ = {isa = PBXFileReference; lastKnownFileType = sourcecode.c.objc; path = MMMediaAssetsTableViewController.m; sourceTree = "<group>"; };
		B3FD2F561F95AB95009A0571 /* MMPhotoManager.m */ = {isa = PBXFileReference; lastKnownFileType = sourcecode.c.objc; path = MMPhotoManager.m; sourceTree = "<group>"; };
		B3FD2F571F95AB95009A0571 /* MMPhotoManager.h */ = {isa = PBXFileReference; lastKnownFileType = sourcecode.c.h; path = MMPhotoManager.h; sourceTree = "<group>"; };
		E0643171031E55E820666535 /* Pods-MyMovie.debug.xcconfig */ = {isa = PBXFileReference; includeInIndex = 1; lastKnownFileType = text.xcconfig; name = "Pods-MyMovie.debug.xcconfig"; path = "Pods/Target Support Files/Pods-MyMovie/Pods-MyMovie.debug.xcconfig"; sourceTree = "<group>"; };
/* End PBXFileReference section */

/* Begin PBXFrameworksBuildPhase section */
		B3FAA91A1F94FD710023792C /* Frameworks */ = {
			isa = PBXFrameworksBuildPhase;
			buildActionMask = 2147483647;
			files = (
				980E9FE22C3447272D4F57F5 /* libPods-MyMovie.a in Frameworks */,
			);
			runOnlyForDeploymentPostprocessing = 0;
		};
/* End PBXFrameworksBuildPhase section */

/* Begin PBXGroup section */
		4D2C39EF36698E6A77408E20 /* Pods */ = {
			isa = PBXGroup;
			children = (
				E0643171031E55E820666535 /* Pods-MyMovie.debug.xcconfig */,
				B32F835146AF919B0DF1A218 /* Pods-MyMovie.release.xcconfig */,
			);
			name = Pods;
			sourceTree = "<group>";
		};
		6527E48DD1D63C5694124E57 /* Frameworks */ = {
			isa = PBXGroup;
			children = (
				7881627BF15CFD5765BC68B7 /* libPods-MyMovie.a */,
			);
			name = Frameworks;
			sourceTree = "<group>";
		};
		B344E36F1FA1BDAF006EF1DF /* View */ = {
			isa = PBXGroup;
			children = (
				B344E3701FA1BDC9006EF1DF /* MMAssetPlayerControl.h */,
				B344E3711FA1BDC9006EF1DF /* MMAssetPlayerControl.m */,
				B344E3731FA1BDD2006EF1DF /* MMAssetPlayerControl.xib */,
				B35F01271FA446B100BB8C94 /* MMAssetPlayerProgressView.h */,
				B35F01281FA446B100BB8C94 /* MMAssetPlayerProgressView.m */,
			);
			path = View;
			sourceTree = "<group>";
		};
		B35DB4E71F960B1200F8FEDE /* ViewController */ = {
			isa = PBXGroup;
			children = (
				B3FAA96F1F9509EE0023792C /* MMMediaPreviewViewController.h */,
				B3FAA9701F9509EE0023792C /* MMMediaPreviewViewController.m */,
			);
			path = ViewController;
			sourceTree = "<group>";
		};
		B37D21241FA0950300D84FDA /* Categories */ = {
			isa = PBXGroup;
			children = (
				B36D01931FA8287A007379F5 /* NSString+MMDataFormatter.h */,
				B36D01921FA8287A007379F5 /* NSString+MMDataFormatter.m */,
				B344E3651FA17AFE006EF1DF /* UIView+MMRender.h */,
				B344E3661FA17AFE006EF1DF /* UIView+MMRender.m */,
				B344E36C1FA18074006EF1DF /* UIViewController+MMRender.h */,
				B344E36D1FA18074006EF1DF /* UIViewController+MMRender.m */,
				B344E3751FA1C94D006EF1DF /* UIImage+MMImage.h */,
				B344E3761FA1C94D006EF1DF /* UIImage+MMImage.m */,
				B35F01241FA42E8100BB8C94 /* NSString+MD5.h */,
				B35F01251FA42E8100BB8C94 /* NSString+MD5.m */,
			);
			path = Categories;
			sourceTree = "<group>";
		};
		B3AE18AB1F95E6EE009554D7 /* ViewController */ = {
			isa = PBXGroup;
			children = (
				B3FAA9751F950A1C0023792C /* MMMediaAssetsTableViewController.h */,
				B3FAA9761F950A1C0023792C /* MMMediaAssetsTableViewController.m */,
				B3AE18B21F95E83C009554D7 /* MMPhotosCollectionViewController.h */,
				B3AE18B31F95E83D009554D7 /* MMPhotosCollectionViewController.m */,
				B3255A111F98AF4C00DA3884 /* MMAudioAssetsTableViewController.h */,
				B3255A121F98AF4C00DA3884 /* MMAudioAssetsTableViewController.m */,
				B3F8A34B1F9A8EAE000656A7 /* MMVideoAssetsTableViewController.h */,
				B3F8A34C1F9A8EAE000656A7 /* MMVideoAssetsTableViewController.m */,
			);
			path = ViewController;
			sourceTree = "<group>";
		};
		B3AE18AC1F95E6F7009554D7 /* View */ = {
			isa = PBXGroup;
			children = (
				B3AE18AE1F95E705009554D7 /* MMImagePickerTableViewCell.h */,
				B3AE18AD1F95E705009554D7 /* MMImagePickerTableViewCell.m */,
				B3AE18AF1F95E705009554D7 /* MMImagePickerTableViewCell.xib */,
				B3AE18B71F95E8C3009554D7 /* MMPhotosItemCollectionViewCell.h */,
				B3AE18B81F95E8C3009554D7 /* MMPhotosItemCollectionViewCell.m */,
				B3AE18B91F95E8C3009554D7 /* MMPhotosItemCollectionViewCell.xib */,
			);
			path = View;
			sourceTree = "<group>";
		};
		B3BBFA8F1F973C2800763E1E /* ViewController */ = {
			isa = PBXGroup;
			children = (
				B3FAA9721F950A050023792C /* MMMediaModifyCollectionViewController.h */,
				B3FAA9731F950A050023792C /* MMMediaModifyCollectionViewController.m */,
				B3E483D31FA6044D003F7E8E /* MMMediaModifyCollectionViewController+MMMedia.h */,
				B3E483D41FA6044D003F7E8E /* MMMediaModifyCollectionViewController+MMMedia.m */,
				B36D01851FA81E41007379F5 /* MMAudioTrackMixModifyTableViewController.h */,
				B36D01861FA81E41007379F5 /* MMAudioTrackMixModifyTableViewController.m */,
			);
			path = ViewController;
			sourceTree = "<group>";
		};
		B3BBFA901F973C3100763E1E /* View */ = {
			isa = PBXGroup;
			children = (
				B36D018E1FA827EF007379F5 /* MMStepView.h */,
				B36D018D1FA827EF007379F5 /* MMStepView.m */,
				B36D018F1FA827F0007379F5 /* MMStepView.xib */,
				B3255A091F988A9B00DA3884 /* MMMediaModifyItemCollectionViewCell.h */,
				B3255A0A1F988A9B00DA3884 /* MMMediaModifyItemCollectionViewCell.m */,
				B3255A0B1F988A9B00DA3884 /* MMMediaModifyItemCollectionViewCell.xib */,
				B3F8A3461F99FC58000656A7 /* MMMediaItemTransitionCollectionViewCell.h */,
				B3F8A3471F99FC58000656A7 /* MMMediaItemTransitionCollectionViewCell.m */,
				B3F8A3481F99FC58000656A7 /* MMMediaItemTransitionCollectionViewCell.xib */,
				B3C4AC4B1F9BA06C00A0F86C /* MMTransitionModifyView.h */,
				B3C4AC4C1F9BA06C00A0F86C /* MMTransitionModifyView.m */,
				B3C4AC4E1F9BA99F00A0F86C /* MMTransitionModifyView.xib */,
				B3C503261FA71AD7002269B7 /* MMAudioMediaItemCollectionViewCell.h */,
				B3C503271FA71AD7002269B7 /* MMAudioMediaItemCollectionViewCell.m */,
				B3C503281FA71AD7002269B7 /* MMAudioMediaItemCollectionViewCell.xib */,
				B36D01881FA82756007379F5 /* MMAudioMixModifyTableViewCell.h */,
				B36D01891FA82756007379F5 /* MMAudioMixModifyTableViewCell.m */,
			);
			path = View;
			sourceTree = "<group>";
		};
		B3BBFA911F973C3600763E1E /* Model */ = {
			isa = PBXGroup;
			children = (
				B3255A0E1F989CDE00DA3884 /* MMMediaItemModel.h */,
				B3255A0F1F989CDE00DA3884 /* MMMediaItemModel.m */,
				B36D01951FA84B91007379F5 /* MMAudioMixModel.h */,
				B36D01961FA84B91007379F5 /* MMAudioMixModel.m */,
			);
			path = Model;
			sourceTree = "<group>";
		};
		B3BBFA921F973E7200763E1E /* Layout */ = {
			isa = PBXGroup;
			children = (
				B3BBFA931F973EAF00763E1E /* MMMediaAssetsCollectionViewFlowLayout.h */,
				B3BBFA941F973EAF00763E1E /* MMMediaAssetsCollectionViewFlowLayout.m */,
			);
			path = Layout;
			sourceTree = "<group>";
		};
		B3FAA9141F94FD710023792C = {
			isa = PBXGroup;
			children = (
				B3FAA91F1F94FD710023792C /* MyMovie */,
				B3FAA91E1F94FD710023792C /* Products */,
				4D2C39EF36698E6A77408E20 /* Pods */,
				6527E48DD1D63C5694124E57 /* Frameworks */,
			);
			sourceTree = "<group>";
		};
		B3FAA91E1F94FD710023792C /* Products */ = {
			isa = PBXGroup;
			children = (
				B3FAA91D1F94FD710023792C /* MyMovie.app */,
			);
			name = Products;
			sourceTree = "<group>";
		};
		B3FAA91F1F94FD710023792C /* MyMovie */ = {
			isa = PBXGroup;
			children = (
				B3FAA93E1F94FEFA0023792C /* Classes */,
				B3FAA93B1F94FEB70023792C /* Storyboard */,
				B3FAA93A1F94FEA20023792C /* AppDelegate */,
				B3FAA93C1F94FECF0023792C /* Resources */,
				B3FAA93D1F94FED80023792C /* Supporting Files */,
			);
			path = MyMovie;
			sourceTree = "<group>";
		};
		B3FAA93A1F94FEA20023792C /* AppDelegate */ = {
			isa = PBXGroup;
			children = (
				B3FAA9201F94FD710023792C /* AppDelegate.h */,
				B3FAA9211F94FD710023792C /* AppDelegate.m */,
			);
			name = AppDelegate;
			sourceTree = "<group>";
		};
		B3FAA93B1F94FEB70023792C /* Storyboard */ = {
			isa = PBXGroup;
			children = (
				B3FAA9261F94FD710023792C /* Main.storyboard */,
				B3FAA92B1F94FD710023792C /* LaunchScreen.storyboard */,
			);
			name = Storyboard;
			sourceTree = "<group>";
		};
		B3FAA93C1F94FECF0023792C /* Resources */ = {
			isa = PBXGroup;
			children = (
				B3FAA9291F94FD710023792C /* Assets.xcassets */,
			);
			name = Resources;
			sourceTree = "<group>";
		};
		B3FAA93D1F94FED80023792C /* Supporting Files */ = {
			isa = PBXGroup;
			children = (
				B3FAA92E1F94FD710023792C /* Info.plist */,
				B3FAA92F1F94FD710023792C /* main.m */,
				B3FAA9621F95039F0023792C /* MMGenericMarcos.h */,
				B3FAA9631F9503C30023792C /* MyMovie_Prefix.pch */,
			);
			name = "Supporting Files";
			sourceTree = "<group>";
		};
		B3FAA93E1F94FEFA0023792C /* Classes */ = {
			isa = PBXGroup;
			children = (
				B37D21241FA0950300D84FDA /* Categories */,
				B3FD2F551F95A583009A0571 /* Utils */,
				B3FAA96B1F9509B60023792C /* Modify */,
				B3FAA96A1F9509AE0023792C /* Preview */,
				B3FAA9691F9509A00023792C /* Assets */,
				B3FAA9651F9507DB0023792C /* Editting */,
				B3FAA9401F94FF370023792C /* Basic */,
				B3FAA95A1F9501850023792C /* Projects */,
			);
			path = Classes;
			sourceTree = "<group>";
		};
		B3FAA9401F94FF370023792C /* Basic */ = {
			isa = PBXGroup;
			children = (
				B3FAA9471F94FF930023792C /* BasicView */,
				B3FAA9461F94FF890023792C /* BasicController */,
			);
			path = Basic;
			sourceTree = "<group>";
		};
		B3FAA9411F94FF420023792C /* BasicViewController */ = {
			isa = PBXGroup;
			children = (
				B3FAA94B1F94FFDB0023792C /* MMBasicViewController.h */,
				B3FAA94C1F94FFDB0023792C /* MMBasicViewController.m */,
			);
			path = BasicViewController;
			sourceTree = "<group>";
		};
		B3FAA9421F94FF4D0023792C /* BasicTableViewController */ = {
			isa = PBXGroup;
			children = (
				B3FAA9511F9500080023792C /* MMBasicTableViewController.h */,
				B3FAA9521F9500080023792C /* MMBasicTableViewController.m */,
			);
			path = BasicTableViewController;
			sourceTree = "<group>";
		};
		B3FAA9431F94FF590023792C /* BasicCollectionViewController */ = {
			isa = PBXGroup;
			children = (
				B3FAA9541F95002E0023792C /* MMBasicCollectionViewController.h */,
				B3FAA9551F95002E0023792C /* MMBasicCollectionViewController.m */,
			);
			path = BasicCollectionViewController;
			sourceTree = "<group>";
		};
		B3FAA9441F94FF650023792C /* BasicNavigationViewController */ = {
			isa = PBXGroup;
			children = (
				B3FAA94E1F94FFF20023792C /* MMBasicNavigationController.h */,
				B3FAA94F1F94FFF20023792C /* MMBasicNavigationController.m */,
			);
			path = BasicNavigationViewController;
			sourceTree = "<group>";
		};
		B3FAA9461F94FF890023792C /* BasicController */ = {
			isa = PBXGroup;
			children = (
				B3FAA9441F94FF650023792C /* BasicNavigationViewController */,
				B3FAA9431F94FF590023792C /* BasicCollectionViewController */,
				B3FAA9421F94FF4D0023792C /* BasicTableViewController */,
				B3FAA9411F94FF420023792C /* BasicViewController */,
			);
			path = BasicController;
			sourceTree = "<group>";
		};
		B3FAA9471F94FF930023792C /* BasicView */ = {
			isa = PBXGroup;
			children = (
				B3FAA9481F94FFC00023792C /* MMBasicView.h */,
				B3FAA9491F94FFC00023792C /* MMBasicView.m */,
			);
			path = BasicView;
			sourceTree = "<group>";
		};
		B3FAA95A1F9501850023792C /* Projects */ = {
			isa = PBXGroup;
			children = (
				B3FAA95C1F9502750023792C /* View */,
				B3FAA95B1F95026E0023792C /* ViewController */,
			);
			path = Projects;
			sourceTree = "<group>";
		};
		B3FAA95B1F95026E0023792C /* ViewController */ = {
			isa = PBXGroup;
			children = (
				B3FAA9571F95017A0023792C /* MMProjectListCollectionViewController.h */,
				B3FAA9581F95017A0023792C /* MMProjectListCollectionViewController.m */,
			);
			path = ViewController;
			sourceTree = "<group>";
		};
		B3FAA95C1F9502750023792C /* View */ = {
			isa = PBXGroup;
			children = (
				B3FAA95D1F9502A60023792C /* MMProjectListCollectionViewCell.h */,
				B3FAA95E1F9502A60023792C /* MMProjectListCollectionViewCell.m */,
				B3FAA95F1F9502A60023792C /* MMProjectListCollectionViewCell.xib */,
			);
			path = View;
			sourceTree = "<group>";
		};
		B3FAA9651F9507DB0023792C /* Editting */ = {
			isa = PBXGroup;
			children = (
				B3FAA9661F9507F70023792C /* MMProjectEdittingViewController.h */,
				B3FAA9671F9507F70023792C /* MMProjectEdittingViewController.m */,
			);
			path = Editting;
			sourceTree = "<group>";
		};
		B3FAA9691F9509A00023792C /* Assets */ = {
			isa = PBXGroup;
			children = (
				B3AE18AC1F95E6F7009554D7 /* View */,
				B3AE18AB1F95E6EE009554D7 /* ViewController */,
			);
			path = Assets;
			sourceTree = "<group>";
		};
		B3FAA96A1F9509AE0023792C /* Preview */ = {
			isa = PBXGroup;
			children = (
				B344E36F1FA1BDAF006EF1DF /* View */,
				B35DB4E71F960B1200F8FEDE /* ViewController */,
			);
			path = Preview;
			sourceTree = "<group>";
		};
		B3FAA96B1F9509B60023792C /* Modify */ = {
			isa = PBXGroup;
			children = (
				B3BBFA921F973E7200763E1E /* Layout */,
				B3BBFA911F973C3600763E1E /* Model */,
				B3BBFA901F973C3100763E1E /* View */,
				B3BBFA8F1F973C2800763E1E /* ViewController */,
			);
			path = Modify;
			sourceTree = "<group>";
		};
		B3FD2F551F95A583009A0571 /* Utils */ = {
			isa = PBXGroup;
			children = (
				B3FD2F571F95AB95009A0571 /* MMPhotoManager.h */,
				B3FD2F561F95AB95009A0571 /* MMPhotoManager.m */,
				B3ECC89A1F95DB52007CE1CA /* MMHUDUtils.h */,
				B3ECC89B1F95DB52007CE1CA /* MMHUDUtils.m */,
				B344E3781FA1CED7006EF1DF /* MMMediaTimeUtils.h */,
				B344E3791FA1CED7006EF1DF /* MMMediaTimeUtils.m */,
				B344E37B1FA1E09C006EF1DF /* MMTimerManager.h */,
				B344E37C1FA1E09C006EF1DF /* MMTimerManager.m */,
				B3C503231FA710A6002269B7 /* MMPopMenu.h */,
				B3C503241FA710A6002269B7 /* MMPopMenu.m */,
			);
			path = Utils;
			sourceTree = "<group>";
		};
/* End PBXGroup section */

/* Begin PBXNativeTarget section */
		B3FAA91C1F94FD710023792C /* MyMovie */ = {
			isa = PBXNativeTarget;
			buildConfigurationList = B3FAA9331F94FD710023792C /* Build configuration list for PBXNativeTarget "MyMovie" */;
			buildPhases = (
				43366FF7BA9AD09FD9E9752A /* [CP] Check Pods Manifest.lock */,
				B3FAA9191F94FD710023792C /* Sources */,
				B3FAA91A1F94FD710023792C /* Frameworks */,
				B3FAA91B1F94FD710023792C /* Resources */,
				5BB4E810CE2A187B212F144E /* [CP] Embed Pods Frameworks */,
				08E2AE2416F1EC7D5A1FF5F8 /* [CP] Copy Pods Resources */,
			);
			buildRules = (
			);
			dependencies = (
			);
			name = MyMovie;
			productName = MyMovie;
			productReference = B3FAA91D1F94FD710023792C /* MyMovie.app */;
			productType = "com.apple.product-type.application";
		};
/* End PBXNativeTarget section */

/* Begin PBXProject section */
		B3FAA9151F94FD710023792C /* Project object */ = {
			isa = PBXProject;
			attributes = {
				CLASSPREFIX = MM;
				LastUpgradeCheck = 0900;
				ORGANIZATIONNAME = "王落凡";
				TargetAttributes = {
					B3FAA91C1F94FD710023792C = {
						CreatedOnToolsVersion = 9.0;
						ProvisioningStyle = Automatic;
					};
				};
			};
			buildConfigurationList = B3FAA9181F94FD710023792C /* Build configuration list for PBXProject "MyMovie" */;
			compatibilityVersion = "Xcode 8.0";
			developmentRegion = en;
			hasScannedForEncodings = 0;
			knownRegions = (
				en,
				Base,
			);
			mainGroup = B3FAA9141F94FD710023792C;
			productRefGroup = B3FAA91E1F94FD710023792C /* Products */;
			projectDirPath = "";
			projectRoot = "";
			targets = (
				B3FAA91C1F94FD710023792C /* MyMovie */,
			);
		};
/* End PBXProject section */

/* Begin PBXResourcesBuildPhase section */
		B3FAA91B1F94FD710023792C /* Resources */ = {
			isa = PBXResourcesBuildPhase;
			buildActionMask = 2147483647;
			files = (
				B3255A0D1F988A9B00DA3884 /* MMMediaModifyItemCollectionViewCell.xib in Resources */,
				B344E3741FA1BDD2006EF1DF /* MMAssetPlayerControl.xib in Resources */,
				B3FAA9611F9502A60023792C /* MMProjectListCollectionViewCell.xib in Resources */,
				B3FAA92D1F94FD710023792C /* LaunchScreen.storyboard in Resources */,
				B3FAA92A1F94FD710023792C /* Assets.xcassets in Resources */,
				B3AE18B11F95E705009554D7 /* MMImagePickerTableViewCell.xib in Resources */,
				B3AE18BB1F95E8C3009554D7 /* MMPhotosItemCollectionViewCell.xib in Resources */,
				B3C5032A1FA71AD7002269B7 /* MMAudioMediaItemCollectionViewCell.xib in Resources */,
				B3FAA9281F94FD710023792C /* Main.storyboard in Resources */,
				B36D01911FA827F0007379F5 /* MMStepView.xib in Resources */,
				B3C4AC4F1F9BA99F00A0F86C /* MMTransitionModifyView.xib in Resources */,
				B3F8A34A1F99FC58000656A7 /* MMMediaItemTransitionCollectionViewCell.xib in Resources */,
			);
			runOnlyForDeploymentPostprocessing = 0;
		};
/* End PBXResourcesBuildPhase section */

/* Begin PBXShellScriptBuildPhase section */
		08E2AE2416F1EC7D5A1FF5F8 /* [CP] Copy Pods Resources */ = {
			isa = PBXShellScriptBuildPhase;
			buildActionMask = 2147483647;
			files = (
			);
			inputPaths = (
			);
			name = "[CP] Copy Pods Resources";
			outputPaths = (
			);
			runOnlyForDeploymentPostprocessing = 0;
			shellPath = /bin/sh;
			shellScript = "\"${SRCROOT}/Pods/Target Support Files/Pods-MyMovie/Pods-MyMovie-resources.sh\"\n";
			showEnvVarsInLog = 0;
		};
		43366FF7BA9AD09FD9E9752A /* [CP] Check Pods Manifest.lock */ = {
			isa = PBXShellScriptBuildPhase;
			buildActionMask = 2147483647;
			files = (
			);
			inputPaths = (
				"${PODS_PODFILE_DIR_PATH}/Podfile.lock",
				"${PODS_ROOT}/Manifest.lock",
			);
			name = "[CP] Check Pods Manifest.lock";
			outputPaths = (
				"$(DERIVED_FILE_DIR)/Pods-MyMovie-checkManifestLockResult.txt",
			);
			runOnlyForDeploymentPostprocessing = 0;
			shellPath = /bin/sh;
			shellScript = "diff \"${PODS_ROOT}/../Podfile.lock\" \"${PODS_ROOT}/Manifest.lock\" > /dev/null\nif [ $? != 0 ] ; then\n    # print error to STDERR\n    echo \"error: The sandbox is not in sync with the Podfile.lock. Run 'pod install' or update your CocoaPods installation.\" >&2\n    exit 1\nfi\n";
			showEnvVarsInLog = 0;
		};
		5BB4E810CE2A187B212F144E /* [CP] Embed Pods Frameworks */ = {
			isa = PBXShellScriptBuildPhase;
			buildActionMask = 2147483647;
			files = (
			);
			inputPaths = (
			);
			name = "[CP] Embed Pods Frameworks";
			outputPaths = (
			);
			runOnlyForDeploymentPostprocessing = 0;
			shellPath = /bin/sh;
			shellScript = "\"${SRCROOT}/Pods/Target Support Files/Pods-MyMovie/Pods-MyMovie-frameworks.sh\"\n";
			showEnvVarsInLog = 0;
		};
/* End PBXShellScriptBuildPhase section */

/* Begin PBXSourcesBuildPhase section */
		B3FAA9191F94FD710023792C /* Sources */ = {
			isa = PBXSourcesBuildPhase;
			buildActionMask = 2147483647;
			files = (
				B36D01871FA81E41007379F5 /* MMAudioTrackMixModifyTableViewController.m in Sources */,
				B36D018B1FA82756007379F5 /* MMAudioMixModifyTableViewCell.m in Sources */,
				B3F8A34D1F9A8EAE000656A7 /* MMVideoAssetsTableViewController.m in Sources */,
				B3AE18A91F95E370009554D7 /* MMPhotoManager.m in Sources */,
				B3255A131F98AF4C00DA3884 /* MMAudioAssetsTableViewController.m in Sources */,
				B36D01901FA827F0007379F5 /* MMStepView.m in Sources */,
				B3FAA9531F9500080023792C /* MMBasicTableViewController.m in Sources */,
				B3FAA9301F94FD710023792C /* main.m in Sources */,
				B3C503291FA71AD7002269B7 /* MMAudioMediaItemCollectionViewCell.m in Sources */,
				B3FAA9591F95017A0023792C /* MMProjectListCollectionViewController.m in Sources */,
				B3255A0C1F988A9B00DA3884 /* MMMediaModifyItemCollectionViewCell.m in Sources */,
				B35F01291FA446B100BB8C94 /* MMAssetPlayerProgressView.m in Sources */,
				B3FAA9711F9509EE0023792C /* MMMediaPreviewViewController.m in Sources */,
				B3E483D51FA6044D003F7E8E /* MMMediaModifyCollectionViewController+MMMedia.m in Sources */,
				B3AE18B01F95E705009554D7 /* MMImagePickerTableViewCell.m in Sources */,
				B36D01941FA8287A007379F5 /* NSString+MMDataFormatter.m in Sources */,
				B3FAA9501F94FFF20023792C /* MMBasicNavigationController.m in Sources */,
				B3FAA94D1F94FFDB0023792C /* MMBasicViewController.m in Sources */,
				B3FAA9561F95002E0023792C /* MMBasicCollectionViewController.m in Sources */,
				B36D01971FA84B91007379F5 /* MMAudioMixModel.m in Sources */,
				B3BBFA951F973EAF00763E1E /* MMMediaAssetsCollectionViewFlowLayout.m in Sources */,
				B344E3771FA1C94D006EF1DF /* UIImage+MMImage.m in Sources */,
				B3C503251FA710A6002269B7 /* MMPopMenu.m in Sources */,
				B3FAA9221F94FD710023792C /* AppDelegate.m in Sources */,
				B35F01261FA42E8100BB8C94 /* NSString+MD5.m in Sources */,
				B3FAA94A1F94FFC00023792C /* MMBasicView.m in Sources */,
				B3FAA9681F9507F70023792C /* MMProjectEdittingViewController.m in Sources */,
				B3FAA9601F9502A60023792C /* MMProjectListCollectionViewCell.m in Sources */,
				B344E3721FA1BDC9006EF1DF /* MMAssetPlayerControl.m in Sources */,
				B344E3671FA17AFE006EF1DF /* UIView+MMRender.m in Sources */,
				B3FAA9771F950A1C0023792C /* MMMediaAssetsTableViewController.m in Sources */,
				B3FAA9741F950A050023792C /* MMMediaModifyCollectionViewController.m in Sources */,
				B3F8A3491F99FC58000656A7 /* MMMediaItemTransitionCollectionViewCell.m in Sources */,
				B3AE18B51F95E83D009554D7 /* MMPhotosCollectionViewController.m in Sources */,
				B344E37D1FA1E09C006EF1DF /* MMTimerManager.m in Sources */,
				B3255A101F989CDE00DA3884 /* MMMediaItemModel.m in Sources */,
				B344E37A1FA1CED7006EF1DF /* MMMediaTimeUtils.m in Sources */,
				B3AE18BA1F95E8C3009554D7 /* MMPhotosItemCollectionViewCell.m in Sources */,
				B344E36E1FA18074006EF1DF /* UIViewController+MMRender.m in Sources */,
				B3C4AC4D1F9BA06C00A0F86C /* MMTransitionModifyView.m in Sources */,
				B3ECC89C1F95DB52007CE1CA /* MMHUDUtils.m in Sources */,
			);
			runOnlyForDeploymentPostprocessing = 0;
		};
/* End PBXSourcesBuildPhase section */

/* Begin PBXVariantGroup section */
		B3FAA9261F94FD710023792C /* Main.storyboard */ = {
			isa = PBXVariantGroup;
			children = (
				B3FAA9271F94FD710023792C /* Base */,
			);
			name = Main.storyboard;
			sourceTree = "<group>";
		};
		B3FAA92B1F94FD710023792C /* LaunchScreen.storyboard */ = {
			isa = PBXVariantGroup;
			children = (
				B3FAA92C1F94FD710023792C /* Base */,
			);
			name = LaunchScreen.storyboard;
			sourceTree = "<group>";
		};
/* End PBXVariantGroup section */

/* Begin XCBuildConfiguration section */
		B3FAA9311F94FD710023792C /* Debug */ = {
			isa = XCBuildConfiguration;
			buildSettings = {
				ALWAYS_SEARCH_USER_PATHS = NO;
				CLANG_ANALYZER_NONNULL = YES;
				CLANG_ANALYZER_NUMBER_OBJECT_CONVERSION = YES_AGGRESSIVE;
				CLANG_CXX_LANGUAGE_STANDARD = "gnu++14";
				CLANG_CXX_LIBRARY = "libc++";
				CLANG_ENABLE_MODULES = YES;
				CLANG_ENABLE_OBJC_ARC = YES;
				CLANG_WARN_BLOCK_CAPTURE_AUTORELEASING = YES;
				CLANG_WARN_BOOL_CONVERSION = YES;
				CLANG_WARN_COMMA = YES;
				CLANG_WARN_CONSTANT_CONVERSION = YES;
				CLANG_WARN_DIRECT_OBJC_ISA_USAGE = YES_ERROR;
				CLANG_WARN_DOCUMENTATION_COMMENTS = YES;
				CLANG_WARN_EMPTY_BODY = YES;
				CLANG_WARN_ENUM_CONVERSION = YES;
				CLANG_WARN_INFINITE_RECURSION = YES;
				CLANG_WARN_INT_CONVERSION = YES;
				CLANG_WARN_NON_LITERAL_NULL_CONVERSION = YES;
				CLANG_WARN_OBJC_LITERAL_CONVERSION = YES;
				CLANG_WARN_OBJC_ROOT_CLASS = YES_ERROR;
				CLANG_WARN_RANGE_LOOP_ANALYSIS = YES;
				CLANG_WARN_STRICT_PROTOTYPES = YES;
				CLANG_WARN_SUSPICIOUS_MOVE = YES;
				CLANG_WARN_UNGUARDED_AVAILABILITY = YES_AGGRESSIVE;
				CLANG_WARN_UNREACHABLE_CODE = YES;
				CLANG_WARN__DUPLICATE_METHOD_MATCH = YES;
				CODE_SIGN_IDENTITY = "iPhone Developer";
				COPY_PHASE_STRIP = NO;
				DEBUG_INFORMATION_FORMAT = dwarf;
				ENABLE_STRICT_OBJC_MSGSEND = YES;
				ENABLE_TESTABILITY = YES;
				GCC_C_LANGUAGE_STANDARD = gnu11;
				GCC_DYNAMIC_NO_PIC = NO;
				GCC_NO_COMMON_BLOCKS = YES;
				GCC_OPTIMIZATION_LEVEL = 0;
				GCC_PREPROCESSOR_DEFINITIONS = (
					"DEBUG=1",
					"$(inherited)",
				);
				GCC_WARN_64_TO_32_BIT_CONVERSION = YES;
				GCC_WARN_ABOUT_RETURN_TYPE = YES_ERROR;
				GCC_WARN_UNDECLARED_SELECTOR = YES;
				GCC_WARN_UNINITIALIZED_AUTOS = YES_AGGRESSIVE;
				GCC_WARN_UNUSED_FUNCTION = YES;
				GCC_WARN_UNUSED_VARIABLE = YES;
				IPHONEOS_DEPLOYMENT_TARGET = 11.0;
				MTL_ENABLE_DEBUG_INFO = YES;
				ONLY_ACTIVE_ARCH = YES;
				SDKROOT = iphoneos;
			};
			name = Debug;
		};
		B3FAA9321F94FD710023792C /* Release */ = {
			isa = XCBuildConfiguration;
			buildSettings = {
				ALWAYS_SEARCH_USER_PATHS = NO;
				CLANG_ANALYZER_NONNULL = YES;
				CLANG_ANALYZER_NUMBER_OBJECT_CONVERSION = YES_AGGRESSIVE;
				CLANG_CXX_LANGUAGE_STANDARD = "gnu++14";
				CLANG_CXX_LIBRARY = "libc++";
				CLANG_ENABLE_MODULES = YES;
				CLANG_ENABLE_OBJC_ARC = YES;
				CLANG_WARN_BLOCK_CAPTURE_AUTORELEASING = YES;
				CLANG_WARN_BOOL_CONVERSION = YES;
				CLANG_WARN_COMMA = YES;
				CLANG_WARN_CONSTANT_CONVERSION = YES;
				CLANG_WARN_DIRECT_OBJC_ISA_USAGE = YES_ERROR;
				CLANG_WARN_DOCUMENTATION_COMMENTS = YES;
				CLANG_WARN_EMPTY_BODY = YES;
				CLANG_WARN_ENUM_CONVERSION = YES;
				CLANG_WARN_INFINITE_RECURSION = YES;
				CLANG_WARN_INT_CONVERSION = YES;
				CLANG_WARN_NON_LITERAL_NULL_CONVERSION = YES;
				CLANG_WARN_OBJC_LITERAL_CONVERSION = YES;
				CLANG_WARN_OBJC_ROOT_CLASS = YES_ERROR;
				CLANG_WARN_RANGE_LOOP_ANALYSIS = YES;
				CLANG_WARN_STRICT_PROTOTYPES = YES;
				CLANG_WARN_SUSPICIOUS_MOVE = YES;
				CLANG_WARN_UNGUARDED_AVAILABILITY = YES_AGGRESSIVE;
				CLANG_WARN_UNREACHABLE_CODE = YES;
				CLANG_WARN__DUPLICATE_METHOD_MATCH = YES;
				CODE_SIGN_IDENTITY = "iPhone Developer";
				COPY_PHASE_STRIP = NO;
				DEBUG_INFORMATION_FORMAT = "dwarf-with-dsym";
				ENABLE_NS_ASSERTIONS = NO;
				ENABLE_STRICT_OBJC_MSGSEND = YES;
				GCC_C_LANGUAGE_STANDARD = gnu11;
				GCC_NO_COMMON_BLOCKS = YES;
				GCC_WARN_64_TO_32_BIT_CONVERSION = YES;
				GCC_WARN_ABOUT_RETURN_TYPE = YES_ERROR;
				GCC_WARN_UNDECLARED_SELECTOR = YES;
				GCC_WARN_UNINITIALIZED_AUTOS = YES_AGGRESSIVE;
				GCC_WARN_UNUSED_FUNCTION = YES;
				GCC_WARN_UNUSED_VARIABLE = YES;
				IPHONEOS_DEPLOYMENT_TARGET = 11.0;
				MTL_ENABLE_DEBUG_INFO = NO;
				SDKROOT = iphoneos;
				VALIDATE_PRODUCT = YES;
			};
			name = Release;
		};
		B3FAA9341F94FD710023792C /* Debug */ = {
			isa = XCBuildConfiguration;
			baseConfigurationReference = E0643171031E55E820666535 /* Pods-MyMovie.debug.xcconfig */;
			buildSettings = {
				ASSETCATALOG_COMPILER_APPICON_NAME = AppIcon;
				"CODE_SIGN_IDENTITY[sdk=iphoneos*]" = "iPhone Developer";
				CODE_SIGN_STYLE = Automatic;
				DEVELOPMENT_TEAM = 29D7F8VWD7;
				GCC_PREFIX_HEADER = "$(SRCROOT)/$(PROJECT_NAME)/MyMovie_Prefix.pch";
				INFOPLIST_FILE = MyMovie/Info.plist;
				IPHONEOS_DEPLOYMENT_TARGET = 9.3;
				LD_RUNPATH_SEARCH_PATHS = "$(inherited) @executable_path/Frameworks";
				PRODUCT_BUNDLE_IDENTIFIER = wangluofan.MyMovie;
				PRODUCT_NAME = "$(TARGET_NAME)";
				PROVISIONING_PROFILE_SPECIFIER = "";
				TARGETED_DEVICE_FAMILY = "1,2";
			};
			name = Debug;
		};
		B3FAA9351F94FD710023792C /* Release */ = {
			isa = XCBuildConfiguration;
			baseConfigurationReference = B32F835146AF919B0DF1A218 /* Pods-MyMovie.release.xcconfig */;
			buildSettings = {
				ASSETCATALOG_COMPILER_APPICON_NAME = AppIcon;
				"CODE_SIGN_IDENTITY[sdk=iphoneos*]" = "iPhone Developer";
				CODE_SIGN_STYLE = Automatic;
				DEVELOPMENT_TEAM = 29D7F8VWD7;
				GCC_PREFIX_HEADER = "$(SRCROOT)/$(PROJECT_NAME)/MyMovie_Prefix.pch";
				INFOPLIST_FILE = MyMovie/Info.plist;
				IPHONEOS_DEPLOYMENT_TARGET = 9.3;
				LD_RUNPATH_SEARCH_PATHS = "$(inherited) @executable_path/Frameworks";
				PRODUCT_BUNDLE_IDENTIFIER = wangluofan.MyMovie;
				PRODUCT_NAME = "$(TARGET_NAME)";
				PROVISIONING_PROFILE_SPECIFIER = "";
				TARGETED_DEVICE_FAMILY = "1,2";
			};
			name = Release;
		};
/* End XCBuildConfiguration section */

/* Begin XCConfigurationList section */
		B3FAA9181F94FD710023792C /* Build configuration list for PBXProject "MyMovie" */ = {
			isa = XCConfigurationList;
			buildConfigurations = (
				B3FAA9311F94FD710023792C /* Debug */,
				B3FAA9321F94FD710023792C /* Release */,
			);
			defaultConfigurationIsVisible = 0;
			defaultConfigurationName = Release;
		};
		B3FAA9331F94FD710023792C /* Build configuration list for PBXNativeTarget "MyMovie" */ = {
			isa = XCConfigurationList;
			buildConfigurations = (
				B3FAA9341F94FD710023792C /* Debug */,
				B3FAA9351F94FD710023792C /* Release */,
			);
			defaultConfigurationIsVisible = 0;
			defaultConfigurationName = Release;
		};
/* End XCConfigurationList section */
	};
	rootObject = B3FAA9151F94FD710023792C /* Project object */;
}
