// !$*UTF8*$!
{
	archiveVersion = 1;
	classes = {
	};
	objectVersion = 48;
	objects = {

/* Begin PBXBuildFile section */
		B3FAA9221F94FD710023792C /* AppDelegate.m in Sources */ = {isa = PBXBuildFile; fileRef = B3FAA9211F94FD710023792C /* AppDelegate.m */; };
		B3FAA9281F94FD710023792C /* Main.storyboard in Resources */ = {isa = PBXBuildFile; fileRef = B3FAA9261F94FD710023792C /* Main.storyboard */; };
		B3FAA92A1F94FD710023792C /* Assets.xcassets in Resources */ = {isa = PBXBuildFile; fileRef = B3FAA9291F94FD710023792C /* Assets.xcassets */; };
		B3FAA92D1F94FD710023792C /* LaunchScreen.storyboard in Resources */ = {isa = PBXBuildFile; fileRef = B3FAA92B1F94FD710023792C /* LaunchScreen.storyboard */; };
		B3FAA9301F94FD710023792C /* main.m in Sources */ = {isa = PBXBuildFile; fileRef = B3FAA92F1F94FD710023792C /* main.m */; };
		B3FAA94A1F94FFC00023792C /* MMBasicView.m in Sources */ = {isa = PBXBuildFile; fileRef = B3FAA9491F94FFC00023792C /* MMBasicView.m */; };
		B3FAA94D1F94FFDB0023792C /* MMBasicViewController.m in Sources */ = {isa = PBXBuildFile; fileRef = B3FAA94C1F94FFDB0023792C /* MMBasicViewController.m */; };
		B3FAA9501F94FFF20023792C /* MMBasicNavigationController.m in Sources */ = {isa = PBXBuildFile; fileRef = B3FAA94F1F94FFF20023792C /* MMBasicNavigationController.m */; };
		B3FAA9531F9500080023792C /* MMBasicTableViewController.m in Sources */ = {isa = PBXBuildFile; fileRef = B3FAA9521F9500080023792C /* MMBasicTableViewController.m */; };
		B3FAA9561F95002E0023792C /* MMBasicCollectionViewController.m in Sources */ = {isa = PBXBuildFile; fileRef = B3FAA9551F95002E0023792C /* MMBasicCollectionViewController.m */; };
		B3FAA9591F95017A0023792C /* MMProjectListCollectionViewController.m in Sources */ = {isa = PBXBuildFile; fileRef = B3FAA9581F95017A0023792C /* MMProjectListCollectionViewController.m */; };
		B3FAA9601F9502A60023792C /* MMProjectListCollectionViewCell.m in Sources */ = {isa = PBXBuildFile; fileRef = B3FAA95E1F9502A60023792C /* MMProjectListCollectionViewCell.m */; };
		B3FAA9611F9502A60023792C /* MMProjectListCollectionViewCell.xib in Resources */ = {isa = PBXBuildFile; fileRef = B3FAA95F1F9502A60023792C /* MMProjectListCollectionViewCell.xib */; };
		B3FAA9681F9507F70023792C /* MMProjectEdittingViewController.m in Sources */ = {isa = PBXBuildFile; fileRef = B3FAA9671F9507F70023792C /* MMProjectEdittingViewController.m */; };
		B3FAA9711F9509EE0023792C /* MMMediaPreviewViewController.m in Sources */ = {isa = PBXBuildFile; fileRef = B3FAA9701F9509EE0023792C /* MMMediaPreviewViewController.m */; };
		B3FAA9741F950A050023792C /* MMMediaModifyCollectionViewController.m in Sources */ = {isa = PBXBuildFile; fileRef = B3FAA9731F950A050023792C /* MMMediaModifyCollectionViewController.m */; };
		B3FAA9771F950A1C0023792C /* MMMediaAssetsTableViewController.m in Sources */ = {isa = PBXBuildFile; fileRef = B3FAA9761F950A1C0023792C /* MMMediaAssetsTableViewController.m */; };
/* End PBXBuildFile section */

/* Begin PBXFileReference section */
		B3FAA91D1F94FD710023792C /* MyMovie.app */ = {isa = PBXFileReference; explicitFileType = wrapper.application; includeInIndex = 0; path = MyMovie.app; sourceTree = BUILT_PRODUCTS_DIR; };
		B3FAA9201F94FD710023792C /* AppDelegate.h */ = {isa = PBXFileReference; lastKnownFileType = sourcecode.c.h; path = AppDelegate.h; sourceTree = "<group>"; };
		B3FAA9211F94FD710023792C /* AppDelegate.m */ = {isa = PBXFileReference; lastKnownFileType = sourcecode.c.objc; path = AppDelegate.m; sourceTree = "<group>"; };
		B3FAA9271F94FD710023792C /* Base */ = {isa = PBXFileReference; lastKnownFileType = file.storyboard; name = Base; path = Base.lproj/Main.storyboard; sourceTree = "<group>"; };
		B3FAA9291F94FD710023792C /* Assets.xcassets */ = {isa = PBXFileReference; lastKnownFileType = folder.assetcatalog; path = Assets.xcassets; sourceTree = "<group>"; };
		B3FAA92C1F94FD710023792C /* Base */ = {isa = PBXFileReference; lastKnownFileType = file.storyboard; name = Base; path = Base.lproj/LaunchScreen.storyboard; sourceTree = "<group>"; };
		B3FAA92E1F94FD710023792C /* Info.plist */ = {isa = PBXFileReference; lastKnownFileType = text.plist.xml; path = Info.plist; sourceTree = "<group>"; };
		B3FAA92F1F94FD710023792C /* main.m */ = {isa = PBXFileReference; lastKnownFileType = sourcecode.c.objc; path = main.m; sourceTree = "<group>"; };
		B3FAA9481F94FFC00023792C /* MMBasicView.h */ = {isa = PBXFileReference; lastKnownFileType = sourcecode.c.h; path = MMBasicView.h; sourceTree = "<group>"; };
		B3FAA9491F94FFC00023792C /* MMBasicView.m */ = {isa = PBXFileReference; lastKnownFileType = sourcecode.c.objc; path = MMBasicView.m; sourceTree = "<group>"; };
		B3FAA94B1F94FFDB0023792C /* MMBasicViewController.h */ = {isa = PBXFileReference; lastKnownFileType = sourcecode.c.h; path = MMBasicViewController.h; sourceTree = "<group>"; };
		B3FAA94C1F94FFDB0023792C /* MMBasicViewController.m */ = {isa = PBXFileReference; lastKnownFileType = sourcecode.c.objc; path = MMBasicViewController.m; sourceTree = "<group>"; };
		B3FAA94E1F94FFF20023792C /* MMBasicNavigationController.h */ = {isa = PBXFileReference; lastKnownFileType = sourcecode.c.h; path = MMBasicNavigationController.h; sourceTree = "<group>"; };
		B3FAA94F1F94FFF20023792C /* MMBasicNavigationController.m */ = {isa = PBXFileReference; lastKnownFileType = sourcecode.c.objc; path = MMBasicNavigationController.m; sourceTree = "<group>"; };
		B3FAA9511F9500080023792C /* MMBasicTableViewController.h */ = {isa = PBXFileReference; lastKnownFileType = sourcecode.c.h; path = MMBasicTableViewController.h; sourceTree = "<group>"; };
		B3FAA9521F9500080023792C /* MMBasicTableViewController.m */ = {isa = PBXFileReference; lastKnownFileType = sourcecode.c.objc; path = MMBasicTableViewController.m; sourceTree = "<group>"; };
		B3FAA9541F95002E0023792C /* MMBasicCollectionViewController.h */ = {isa = PBXFileReference; lastKnownFileType = sourcecode.c.h; path = MMBasicCollectionViewController.h; sourceTree = "<group>"; };
		B3FAA9551F95002E0023792C /* MMBasicCollectionViewController.m */ = {isa = PBXFileReference; lastKnownFileType = sourcecode.c.objc; path = MMBasicCollectionViewController.m; sourceTree = "<group>"; };
		B3FAA9571F95017A0023792C /* MMProjectListCollectionViewController.h */ = {isa = PBXFileReference; lastKnownFileType = sourcecode.c.h; path = MMProjectListCollectionViewController.h; sourceTree = "<group>"; };
		B3FAA9581F95017A0023792C /* MMProjectListCollectionViewController.m */ = {isa = PBXFileReference; lastKnownFileType = sourcecode.c.objc; path = MMProjectListCollectionViewController.m; sourceTree = "<group>"; };
		B3FAA95D1F9502A60023792C /* MMProjectListCollectionViewCell.h */ = {isa = PBXFileReference; lastKnownFileType = sourcecode.c.h; path = MMProjectListCollectionViewCell.h; sourceTree = "<group>"; };
		B3FAA95E1F9502A60023792C /* MMProjectListCollectionViewCell.m */ = {isa = PBXFileReference; lastKnownFileType = sourcecode.c.objc; path = MMProjectListCollectionViewCell.m; sourceTree = "<group>"; };
		B3FAA95F1F9502A60023792C /* MMProjectListCollectionViewCell.xib */ = {isa = PBXFileReference; lastKnownFileType = file.xib; path = MMProjectListCollectionViewCell.xib; sourceTree = "<group>"; };
		B3FAA9621F95039F0023792C /* MMGenericMarcos.h */ = {isa = PBXFileReference; lastKnownFileType = sourcecode.c.h; path = MMGenericMarcos.h; sourceTree = "<group>"; };
		B3FAA9631F9503C30023792C /* MyMovie_Prefix.pch */ = {isa = PBXFileReference; lastKnownFileType = sourcecode.c.h; path = MyMovie_Prefix.pch; sourceTree = "<group>"; };
		B3FAA9661F9507F70023792C /* MMProjectEdittingViewController.h */ = {isa = PBXFileReference; lastKnownFileType = sourcecode.c.h; path = MMProjectEdittingViewController.h; sourceTree = "<group>"; };
		B3FAA9671F9507F70023792C /* MMProjectEdittingViewController.m */ = {isa = PBXFileReference; lastKnownFileType = sourcecode.c.objc; path = MMProjectEdittingViewController.m; sourceTree = "<group>"; };
		B3FAA96F1F9509EE0023792C /* MMMediaPreviewViewController.h */ = {isa = PBXFileReference; lastKnownFileType = sourcecode.c.h; path = MMMediaPreviewViewController.h; sourceTree = "<group>"; };
		B3FAA9701F9509EE0023792C /* MMMediaPreviewViewController.m */ = {isa = PBXFileReference; lastKnownFileType = sourcecode.c.objc; path = MMMediaPreviewViewController.m; sourceTree = "<group>"; };
		B3FAA9721F950A050023792C /* MMMediaModifyCollectionViewController.h */ = {isa = PBXFileReference; lastKnownFileType = sourcecode.c.h; path = MMMediaModifyCollectionViewController.h; sourceTree = "<group>"; };
		B3FAA9731F950A050023792C /* MMMediaModifyCollectionViewController.m */ = {isa = PBXFileReference; lastKnownFileType = sourcecode.c.objc; path = MMMediaModifyCollectionViewController.m; sourceTree = "<group>"; };
		B3FAA9751F950A1C0023792C /* MMMediaAssetsTableViewController.h */ = {isa = PBXFileReference; lastKnownFileType = sourcecode.c.h; path = MMMediaAssetsTableViewController.h; sourceTree = "<group>"; };
		B3FAA9761F950A1C0023792C /* MMMediaAssetsTableViewController.m */ = {isa = PBXFileReference; lastKnownFileType = sourcecode.c.objc; path = MMMediaAssetsTableViewController.m; sourceTree = "<group>"; };
/* End PBXFileReference section */

/* Begin PBXFrameworksBuildPhase section */
		B3FAA91A1F94FD710023792C /* Frameworks */ = {
			isa = PBXFrameworksBuildPhase;
			buildActionMask = 2147483647;
			files = (
			);
			runOnlyForDeploymentPostprocessing = 0;
		};
/* End PBXFrameworksBuildPhase section */

/* Begin PBXGroup section */
		B3FAA9141F94FD710023792C = {
			isa = PBXGroup;
			children = (
				B3FAA91F1F94FD710023792C /* MyMovie */,
				B3FAA91E1F94FD710023792C /* Products */,
			);
			sourceTree = "<group>";
		};
		B3FAA91E1F94FD710023792C /* Products */ = {
			isa = PBXGroup;
			children = (
				B3FAA91D1F94FD710023792C /* MyMovie.app */,
			);
			name = Products;
			sourceTree = "<group>";
		};
		B3FAA91F1F94FD710023792C /* MyMovie */ = {
			isa = PBXGroup;
			children = (
				B3FAA93E1F94FEFA0023792C /* Classes */,
				B3FAA93B1F94FEB70023792C /* Storyboard */,
				B3FAA93A1F94FEA20023792C /* AppDelegate */,
				B3FAA93C1F94FECF0023792C /* Resources */,
				B3FAA93D1F94FED80023792C /* Support Files */,
			);
			path = MyMovie;
			sourceTree = "<group>";
		};
		B3FAA93A1F94FEA20023792C /* AppDelegate */ = {
			isa = PBXGroup;
			children = (
				B3FAA9201F94FD710023792C /* AppDelegate.h */,
				B3FAA9211F94FD710023792C /* AppDelegate.m */,
			);
			name = AppDelegate;
			sourceTree = "<group>";
		};
		B3FAA93B1F94FEB70023792C /* Storyboard */ = {
			isa = PBXGroup;
			children = (
				B3FAA9261F94FD710023792C /* Main.storyboard */,
				B3FAA92B1F94FD710023792C /* LaunchScreen.storyboard */,
			);
			name = Storyboard;
			sourceTree = "<group>";
		};
		B3FAA93C1F94FECF0023792C /* Resources */ = {
			isa = PBXGroup;
			children = (
				B3FAA9291F94FD710023792C /* Assets.xcassets */,
			);
			name = Resources;
			sourceTree = "<group>";
		};
		B3FAA93D1F94FED80023792C /* Support Files */ = {
			isa = PBXGroup;
			children = (
				B3FAA92E1F94FD710023792C /* Info.plist */,
				B3FAA92F1F94FD710023792C /* main.m */,
				B3FAA9621F95039F0023792C /* MMGenericMarcos.h */,
				B3FAA9631F9503C30023792C /* MyMovie_Prefix.pch */,
			);
			name = "Support Files";
			sourceTree = "<group>";
		};
		B3FAA93E1F94FEFA0023792C /* Classes */ = {
			isa = PBXGroup;
			children = (
				B3FAA96B1F9509B60023792C /* Modify */,
				B3FAA96A1F9509AE0023792C /* Preview */,
				B3FAA9691F9509A00023792C /* Assets */,
				B3FAA9651F9507DB0023792C /* Editting */,
				B3FAA9641F9504D20023792C /* Utils */,
				B3FAA9401F94FF370023792C /* Basic */,
				B3FAA95A1F9501850023792C /* Projects */,
			);
			path = Classes;
			sourceTree = "<group>";
		};
		B3FAA9401F94FF370023792C /* Basic */ = {
			isa = PBXGroup;
			children = (
				B3FAA9471F94FF930023792C /* BasicView */,
				B3FAA9461F94FF890023792C /* BasicController */,
			);
			path = Basic;
			sourceTree = "<group>";
		};
		B3FAA9411F94FF420023792C /* BasicViewController */ = {
			isa = PBXGroup;
			children = (
				B3FAA94B1F94FFDB0023792C /* MMBasicViewController.h */,
				B3FAA94C1F94FFDB0023792C /* MMBasicViewController.m */,
			);
			path = BasicViewController;
			sourceTree = "<group>";
		};
		B3FAA9421F94FF4D0023792C /* BasicTableViewController */ = {
			isa = PBXGroup;
			children = (
				B3FAA9511F9500080023792C /* MMBasicTableViewController.h */,
				B3FAA9521F9500080023792C /* MMBasicTableViewController.m */,
			);
			path = BasicTableViewController;
			sourceTree = "<group>";
		};
		B3FAA9431F94FF590023792C /* BasicCollectionViewController */ = {
			isa = PBXGroup;
			children = (
				B3FAA9541F95002E0023792C /* MMBasicCollectionViewController.h */,
				B3FAA9551F95002E0023792C /* MMBasicCollectionViewController.m */,
			);
			path = BasicCollectionViewController;
			sourceTree = "<group>";
		};
		B3FAA9441F94FF650023792C /* BasicNavigationViewController */ = {
			isa = PBXGroup;
			children = (
				B3FAA94E1F94FFF20023792C /* MMBasicNavigationController.h */,
				B3FAA94F1F94FFF20023792C /* MMBasicNavigationController.m */,
			);
			path = BasicNavigationViewController;
			sourceTree = "<group>";
		};
		B3FAA9461F94FF890023792C /* BasicController */ = {
			isa = PBXGroup;
			children = (
				B3FAA9441F94FF650023792C /* BasicNavigationViewController */,
				B3FAA9431F94FF590023792C /* BasicCollectionViewController */,
				B3FAA9421F94FF4D0023792C /* BasicTableViewController */,
				B3FAA9411F94FF420023792C /* BasicViewController */,
			);
			path = BasicController;
			sourceTree = "<group>";
		};
		B3FAA9471F94FF930023792C /* BasicView */ = {
			isa = PBXGroup;
			children = (
				B3FAA9481F94FFC00023792C /* MMBasicView.h */,
				B3FAA9491F94FFC00023792C /* MMBasicView.m */,
			);
			path = BasicView;
			sourceTree = "<group>";
		};
		B3FAA95A1F9501850023792C /* Projects */ = {
			isa = PBXGroup;
			children = (
				B3FAA95C1F9502750023792C /* View */,
				B3FAA95B1F95026E0023792C /* ViewController */,
			);
			path = Projects;
			sourceTree = "<group>";
		};
		B3FAA95B1F95026E0023792C /* ViewController */ = {
			isa = PBXGroup;
			children = (
				B3FAA9571F95017A0023792C /* MMProjectListCollectionViewController.h */,
				B3FAA9581F95017A0023792C /* MMProjectListCollectionViewController.m */,
			);
			path = ViewController;
			sourceTree = "<group>";
		};
		B3FAA95C1F9502750023792C /* View */ = {
			isa = PBXGroup;
			children = (
				B3FAA95D1F9502A60023792C /* MMProjectListCollectionViewCell.h */,
				B3FAA95E1F9502A60023792C /* MMProjectListCollectionViewCell.m */,
				B3FAA95F1F9502A60023792C /* MMProjectListCollectionViewCell.xib */,
			);
			path = View;
			sourceTree = "<group>";
		};
		B3FAA9641F9504D20023792C /* Utils */ = {
			isa = PBXGroup;
			children = (
			);
			path = Utils;
			sourceTree = "<group>";
		};
		B3FAA9651F9507DB0023792C /* Editting */ = {
			isa = PBXGroup;
			children = (
				B3FAA9661F9507F70023792C /* MMProjectEdittingViewController.h */,
				B3FAA9671F9507F70023792C /* MMProjectEdittingViewController.m */,
			);
			path = Editting;
			sourceTree = "<group>";
		};
		B3FAA9691F9509A00023792C /* Assets */ = {
			isa = PBXGroup;
			children = (
				B3FAA9751F950A1C0023792C /* MMMediaAssetsTableViewController.h */,
				B3FAA9761F950A1C0023792C /* MMMediaAssetsTableViewController.m */,
			);
			path = Assets;
			sourceTree = "<group>";
		};
		B3FAA96A1F9509AE0023792C /* Preview */ = {
			isa = PBXGroup;
			children = (
				B3FAA96F1F9509EE0023792C /* MMMediaPreviewViewController.h */,
				B3FAA9701F9509EE0023792C /* MMMediaPreviewViewController.m */,
			);
			path = Preview;
			sourceTree = "<group>";
		};
		B3FAA96B1F9509B60023792C /* Modify */ = {
			isa = PBXGroup;
			children = (
				B3FAA9721F950A050023792C /* MMMediaModifyCollectionViewController.h */,
				B3FAA9731F950A050023792C /* MMMediaModifyCollectionViewController.m */,
			);
			path = Modify;
			sourceTree = "<group>";
		};
/* End PBXGroup section */

/* Begin PBXNativeTarget section */
		B3FAA91C1F94FD710023792C /* MyMovie */ = {
			isa = PBXNativeTarget;
			buildConfigurationList = B3FAA9331F94FD710023792C /* Build configuration list for PBXNativeTarget "MyMovie" */;
			buildPhases = (
				B3FAA9191F94FD710023792C /* Sources */,
				B3FAA91A1F94FD710023792C /* Frameworks */,
				B3FAA91B1F94FD710023792C /* Resources */,
			);
			buildRules = (
			);
			dependencies = (
			);
			name = MyMovie;
			productName = MyMovie;
			productReference = B3FAA91D1F94FD710023792C /* MyMovie.app */;
			productType = "com.apple.product-type.application";
		};
/* End PBXNativeTarget section */

/* Begin PBXProject section */
		B3FAA9151F94FD710023792C /* Project object */ = {
			isa = PBXProject;
			attributes = {
				CLASSPREFIX = MM;
				LastUpgradeCheck = 0900;
				ORGANIZATIONNAME = "王落凡";
				TargetAttributes = {
					B3FAA91C1F94FD710023792C = {
						CreatedOnToolsVersion = 9.0;
						ProvisioningStyle = Automatic;
					};
				};
			};
			buildConfigurationList = B3FAA9181F94FD710023792C /* Build configuration list for PBXProject "MyMovie" */;
			compatibilityVersion = "Xcode 8.0";
			developmentRegion = en;
			hasScannedForEncodings = 0;
			knownRegions = (
				en,
				Base,
			);
			mainGroup = B3FAA9141F94FD710023792C;
			productRefGroup = B3FAA91E1F94FD710023792C /* Products */;
			projectDirPath = "";
			projectRoot = "";
			targets = (
				B3FAA91C1F94FD710023792C /* MyMovie */,
			);
		};
/* End PBXProject section */

/* Begin PBXResourcesBuildPhase section */
		B3FAA91B1F94FD710023792C /* Resources */ = {
			isa = PBXResourcesBuildPhase;
			buildActionMask = 2147483647;
			files = (
				B3FAA9611F9502A60023792C /* MMProjectListCollectionViewCell.xib in Resources */,
				B3FAA92D1F94FD710023792C /* LaunchScreen.storyboard in Resources */,
				B3FAA92A1F94FD710023792C /* Assets.xcassets in Resources */,
				B3FAA9281F94FD710023792C /* Main.storyboard in Resources */,
			);
			runOnlyForDeploymentPostprocessing = 0;
		};
/* End PBXResourcesBuildPhase section */

/* Begin PBXSourcesBuildPhase section */
		B3FAA9191F94FD710023792C /* Sources */ = {
			isa = PBXSourcesBuildPhase;
			buildActionMask = 2147483647;
			files = (
				B3FAA9531F9500080023792C /* MMBasicTableViewController.m in Sources */,
				B3FAA9301F94FD710023792C /* main.m in Sources */,
				B3FAA9591F95017A0023792C /* MMProjectListCollectionViewController.m in Sources */,
				B3FAA9711F9509EE0023792C /* MMMediaPreviewViewController.m in Sources */,
				B3FAA9501F94FFF20023792C /* MMBasicNavigationController.m in Sources */,
				B3FAA94D1F94FFDB0023792C /* MMBasicViewController.m in Sources */,
				B3FAA9561F95002E0023792C /* MMBasicCollectionViewController.m in Sources */,
				B3FAA9221F94FD710023792C /* AppDelegate.m in Sources */,
				B3FAA94A1F94FFC00023792C /* MMBasicView.m in Sources */,
				B3FAA9681F9507F70023792C /* MMProjectEdittingViewController.m in Sources */,
				B3FAA9601F9502A60023792C /* MMProjectListCollectionViewCell.m in Sources */,
				B3FAA9771F950A1C0023792C /* MMMediaAssetsTableViewController.m in Sources */,
				B3FAA9741F950A050023792C /* MMMediaModifyCollectionViewController.m in Sources */,
			);
			runOnlyForDeploymentPostprocessing = 0;
		};
/* End PBXSourcesBuildPhase section */

/* Begin PBXVariantGroup section */
		B3FAA9261F94FD710023792C /* Main.storyboard */ = {
			isa = PBXVariantGroup;
			children = (
				B3FAA9271F94FD710023792C /* Base */,
			);
			name = Main.storyboard;
			sourceTree = "<group>";
		};
		B3FAA92B1F94FD710023792C /* LaunchScreen.storyboard */ = {
			isa = PBXVariantGroup;
			children = (
				B3FAA92C1F94FD710023792C /* Base */,
			);
			name = LaunchScreen.storyboard;
			sourceTree = "<group>";
		};
/* End PBXVariantGroup section */

/* Begin XCBuildConfiguration section */
		B3FAA9311F94FD710023792C /* Debug */ = {
			isa = XCBuildConfiguration;
			buildSettings = {
				ALWAYS_SEARCH_USER_PATHS = NO;
				CLANG_ANALYZER_NONNULL = YES;
				CLANG_ANALYZER_NUMBER_OBJECT_CONVERSION = YES_AGGRESSIVE;
				CLANG_CXX_LANGUAGE_STANDARD = "gnu++14";
				CLANG_CXX_LIBRARY = "libc++";
				CLANG_ENABLE_MODULES = YES;
				CLANG_ENABLE_OBJC_ARC = YES;
				CLANG_WARN_BLOCK_CAPTURE_AUTORELEASING = YES;
				CLANG_WARN_BOOL_CONVERSION = YES;
				CLANG_WARN_COMMA = YES;
				CLANG_WARN_CONSTANT_CONVERSION = YES;
				CLANG_WARN_DIRECT_OBJC_ISA_USAGE = YES_ERROR;
				CLANG_WARN_DOCUMENTATION_COMMENTS = YES;
				CLANG_WARN_EMPTY_BODY = YES;
				CLANG_WARN_ENUM_CONVERSION = YES;
				CLANG_WARN_INFINITE_RECURSION = YES;
				CLANG_WARN_INT_CONVERSION = YES;
				CLANG_WARN_NON_LITERAL_NULL_CONVERSION = YES;
				CLANG_WARN_OBJC_LITERAL_CONVERSION = YES;
				CLANG_WARN_OBJC_ROOT_CLASS = YES_ERROR;
				CLANG_WARN_RANGE_LOOP_ANALYSIS = YES;
				CLANG_WARN_STRICT_PROTOTYPES = YES;
				CLANG_WARN_SUSPICIOUS_MOVE = YES;
				CLANG_WARN_UNGUARDED_AVAILABILITY = YES_AGGRESSIVE;
				CLANG_WARN_UNREACHABLE_CODE = YES;
				CLANG_WARN__DUPLICATE_METHOD_MATCH = YES;
				CODE_SIGN_IDENTITY = "iPhone Developer";
				COPY_PHASE_STRIP = NO;
				DEBUG_INFORMATION_FORMAT = dwarf;
				ENABLE_STRICT_OBJC_MSGSEND = YES;
				ENABLE_TESTABILITY = YES;
				GCC_C_LANGUAGE_STANDARD = gnu11;
				GCC_DYNAMIC_NO_PIC = NO;
				GCC_NO_COMMON_BLOCKS = YES;
				GCC_OPTIMIZATION_LEVEL = 0;
				GCC_PREPROCESSOR_DEFINITIONS = (
					"DEBUG=1",
					"$(inherited)",
				);
				GCC_WARN_64_TO_32_BIT_CONVERSION = YES;
				GCC_WARN_ABOUT_RETURN_TYPE = YES_ERROR;
				GCC_WARN_UNDECLARED_SELECTOR = YES;
				GCC_WARN_UNINITIALIZED_AUTOS = YES_AGGRESSIVE;
				GCC_WARN_UNUSED_FUNCTION = YES;
				GCC_WARN_UNUSED_VARIABLE = YES;
				IPHONEOS_DEPLOYMENT_TARGET = 11.0;
				MTL_ENABLE_DEBUG_INFO = YES;
				ONLY_ACTIVE_ARCH = YES;
				SDKROOT = iphoneos;
			};
			name = Debug;
		};
		B3FAA9321F94FD710023792C /* Release */ = {
			isa = XCBuildConfiguration;
			buildSettings = {
				ALWAYS_SEARCH_USER_PATHS = NO;
				CLANG_ANALYZER_NONNULL = YES;
				CLANG_ANALYZER_NUMBER_OBJECT_CONVERSION = YES_AGGRESSIVE;
				CLANG_CXX_LANGUAGE_STANDARD = "gnu++14";
				CLANG_CXX_LIBRARY = "libc++";
				CLANG_ENABLE_MODULES = YES;
				CLANG_ENABLE_OBJC_ARC = YES;
				CLANG_WARN_BLOCK_CAPTURE_AUTORELEASING = YES;
				CLANG_WARN_BOOL_CONVERSION = YES;
				CLANG_WARN_COMMA = YES;
				CLANG_WARN_CONSTANT_CONVERSION = YES;
				CLANG_WARN_DIRECT_OBJC_ISA_USAGE = YES_ERROR;
				CLANG_WARN_DOCUMENTATION_COMMENTS = YES;
				CLANG_WARN_EMPTY_BODY = YES;
				CLANG_WARN_ENUM_CONVERSION = YES;
				CLANG_WARN_INFINITE_RECURSION = YES;
				CLANG_WARN_INT_CONVERSION = YES;
				CLANG_WARN_NON_LITERAL_NULL_CONVERSION = YES;
				CLANG_WARN_OBJC_LITERAL_CONVERSION = YES;
				CLANG_WARN_OBJC_ROOT_CLASS = YES_ERROR;
				CLANG_WARN_RANGE_LOOP_ANALYSIS = YES;
				CLANG_WARN_STRICT_PROTOTYPES = YES;
				CLANG_WARN_SUSPICIOUS_MOVE = YES;
				CLANG_WARN_UNGUARDED_AVAILABILITY = YES_AGGRESSIVE;
				CLANG_WARN_UNREACHABLE_CODE = YES;
				CLANG_WARN__DUPLICATE_METHOD_MATCH = YES;
				CODE_SIGN_IDENTITY = "iPhone Developer";
				COPY_PHASE_STRIP = NO;
				DEBUG_INFORMATION_FORMAT = "dwarf-with-dsym";
				ENABLE_NS_ASSERTIONS = NO;
				ENABLE_STRICT_OBJC_MSGSEND = YES;
				GCC_C_LANGUAGE_STANDARD = gnu11;
				GCC_NO_COMMON_BLOCKS = YES;
				GCC_WARN_64_TO_32_BIT_CONVERSION = YES;
				GCC_WARN_ABOUT_RETURN_TYPE = YES_ERROR;
				GCC_WARN_UNDECLARED_SELECTOR = YES;
				GCC_WARN_UNINITIALIZED_AUTOS = YES_AGGRESSIVE;
				GCC_WARN_UNUSED_FUNCTION = YES;
				GCC_WARN_UNUSED_VARIABLE = YES;
				IPHONEOS_DEPLOYMENT_TARGET = 11.0;
				MTL_ENABLE_DEBUG_INFO = NO;
				SDKROOT = iphoneos;
				VALIDATE_PRODUCT = YES;
			};
			name = Release;
		};
		B3FAA9341F94FD710023792C /* Debug */ = {
			isa = XCBuildConfiguration;
			buildSettings = {
				ASSETCATALOG_COMPILER_APPICON_NAME = AppIcon;
				CODE_SIGN_STYLE = Automatic;
				DEVELOPMENT_TEAM = 29D7F8VWD7;
				GCC_PREFIX_HEADER = "$(SRCROOT)/$(PROJECT_NAME)/MyMovie_Prefix.pch";
				INFOPLIST_FILE = MyMovie/Info.plist;
				IPHONEOS_DEPLOYMENT_TARGET = 9.0;
				LD_RUNPATH_SEARCH_PATHS = "$(inherited) @executable_path/Frameworks";
				PRODUCT_BUNDLE_IDENTIFIER = wangluofan.MyMovie;
				PRODUCT_NAME = "$(TARGET_NAME)";
				TARGETED_DEVICE_FAMILY = "1,2";
			};
			name = Debug;
		};
		B3FAA9351F94FD710023792C /* Release */ = {
			isa = XCBuildConfiguration;
			buildSettings = {
				ASSETCATALOG_COMPILER_APPICON_NAME = AppIcon;
				CODE_SIGN_STYLE = Automatic;
				DEVELOPMENT_TEAM = 29D7F8VWD7;
				GCC_PREFIX_HEADER = "$(SRCROOT)/$(PROJECT_NAME)/MyMovie_Prefix.pch";
				INFOPLIST_FILE = MyMovie/Info.plist;
				IPHONEOS_DEPLOYMENT_TARGET = 9.0;
				LD_RUNPATH_SEARCH_PATHS = "$(inherited) @executable_path/Frameworks";
				PRODUCT_BUNDLE_IDENTIFIER = wangluofan.MyMovie;
				PRODUCT_NAME = "$(TARGET_NAME)";
				TARGETED_DEVICE_FAMILY = "1,2";
			};
			name = Release;
		};
/* End XCBuildConfiguration section */

/* Begin XCConfigurationList section */
		B3FAA9181F94FD710023792C /* Build configuration list for PBXProject "MyMovie" */ = {
			isa = XCConfigurationList;
			buildConfigurations = (
				B3FAA9311F94FD710023792C /* Debug */,
				B3FAA9321F94FD710023792C /* Release */,
			);
			defaultConfigurationIsVisible = 0;
			defaultConfigurationName = Release;
		};
		B3FAA9331F94FD710023792C /* Build configuration list for PBXNativeTarget "MyMovie" */ = {
			isa = XCConfigurationList;
			buildConfigurations = (
				B3FAA9341F94FD710023792C /* Debug */,
				B3FAA9351F94FD710023792C /* Release */,
			);
			defaultConfigurationIsVisible = 0;
			defaultConfigurationName = Release;
		};
/* End XCConfigurationList section */
	};
	rootObject = B3FAA9151F94FD710023792C /* Project object */;
}
